# This file may be used to create an environment using:
# $ conda create --name <env> --file <this file>
# platform: osx-64
@EXPLICIT
https://conda.anaconda.org/conda-forge/noarch/_r-mutex-1.0.1-anacondar_1.tar.bz2
https://conda.anaconda.org/conda-forge/osx-64/bzip2-1.0.8-h0d85af4_4.tar.bz2
https://conda.anaconda.org/conda-forge/osx-64/c-ares-1.18.1-h0d85af4_0.tar.bz2
https://conda.anaconda.org/conda-forge/osx-64/ca-certificates-2022.5.18.1-h033912b_0.tar.bz2
https://conda.anaconda.org/conda-forge/noarch/font-ttf-dejavu-sans-mono-2.37-hab24e00_0.tar.bz2
https://conda.anaconda.org/conda-forge/noarch/font-ttf-inconsolata-3.000-h77eed37_0.tar.bz2
https://conda.anaconda.org/conda-forge/noarch/font-ttf-source-code-pro-2.038-h77eed37_0.tar.bz2
https://conda.anaconda.org/conda-forge/noarch/font-ttf-ubuntu-0.83-hab24e00_0.tar.bz2
https://conda.anaconda.org/conda-forge/osx-64/fribidi-1.0.10-hbcb3906_0.tar.bz2
https://conda.anaconda.org/conda-forge/osx-64/jpeg-9e-h5eb16cf_1.tar.bz2
https://conda.anaconda.org/conda-forge/osx-64/libcxx-14.0.4-hc203e6f_0.tar.bz2
https://conda.anaconda.org/conda-forge/osx-64/libdeflate-1.10-h0d85af4_0.tar.bz2
https://conda.anaconda.org/conda-forge/osx-64/libedit-3.1.20191231-h0678c8f_2.tar.bz2
https://conda.anaconda.org/conda-forge/osx-64/libev-4.33-haf1e3a3_1.tar.bz2
https://conda.anaconda.org/conda-forge/osx-64/libffi-3.4.2-h0d85af4_5.tar.bz2
https://conda.anaconda.org/conda-forge/noarch/libgfortran-devel_osx-64-9.3.0-h6c81a4c_23.tar.bz2
https://conda.anaconda.org/conda-forge/osx-64/libiconv-1.16-haf1e3a3_0.tar.bz2
https://conda.anaconda.org/conda-forge/osx-64/libsodium-1.0.18-hbcb3906_1.tar.bz2
https://conda.anaconda.org/conda-forge/osx-64/libwebp-base-1.2.2-h0d85af4_1.tar.bz2
https://conda.anaconda.org/conda-forge/osx-64/libzlib-1.2.12-h6c3fc93_0.tar.bz2
https://conda.anaconda.org/conda-forge/osx-64/llvm-openmp-14.0.4-ha654fa7_0.tar.bz2
https://conda.anaconda.org/conda-forge/osx-64/make-4.3-h22f3db7_1.tar.bz2
https://conda.anaconda.org/conda-forge/osx-64/ncurses-6.3-h96cf925_1.tar.bz2
https://conda.anaconda.org/conda-forge/osx-64/pixman-0.40.0-hbcb3906_0.tar.bz2
https://conda.anaconda.org/conda-forge/osx-64/readline-8.1-h05e3726_0.tar.bz2
https://conda.anaconda.org/conda-forge/noarch/tzdata-2022a-h191b570_0.tar.bz2
https://conda.anaconda.org/conda-forge/osx-64/xz-5.2.5-haf1e3a3_1.tar.bz2
https://conda.anaconda.org/conda-forge/osx-64/yaml-0.2.5-h0d85af4_2.tar.bz2
https://conda.anaconda.org/conda-forge/osx-64/expat-2.4.8-h96cf925_0.tar.bz2
https://conda.anaconda.org/conda-forge/noarch/fonts-conda-forge-1-0.tar.bz2
https://conda.anaconda.org/conda-forge/osx-64/gettext-0.19.8.1-hd1a6beb_1008.tar.bz2
https://conda.anaconda.org/conda-forge/osx-64/gmp-6.2.1-h2e338ed_0.tar.bz2
https://conda.anaconda.org/conda-forge/osx-64/graphite2-1.3.13-h2e338ed_1001.tar.bz2
https://conda.anaconda.org/conda-forge/osx-64/icu-70.1-h96cf925_0.tar.bz2
https://conda.anaconda.org/conda-forge/osx-64/isl-0.22.1-hb1e8313_2.tar.bz2
https://conda.anaconda.org/conda-forge/osx-64/lerc-3.0-he49afe7_0.tar.bz2
https://conda.anaconda.org/conda-forge/osx-64/libcrc32c-1.1.2-he49afe7_0.tar.bz2
https://conda.anaconda.org/conda-forge/osx-64/libgfortran5-9.3.0-h6c81a4c_23.tar.bz2
https://conda.anaconda.org/conda-forge/osx-64/libllvm13-13.0.1-h64f94b2_2.tar.bz2
https://conda.anaconda.org/conda-forge/osx-64/libllvm14-14.0.4-h41df66c_0.tar.bz2
https://conda.anaconda.org/conda-forge/osx-64/lz4-c-1.9.3-he49afe7_1.tar.bz2
https://conda.anaconda.org/conda-forge/osx-64/openssl-1.1.1o-hfe4f2af_0.tar.bz2
https://conda.anaconda.org/conda-forge/osx-64/pcre-8.45-he49afe7_0.tar.bz2
https://conda.anaconda.org/conda-forge/osx-64/tapi-1100.0.11-h9ce4665_0.tar.bz2
https://conda.anaconda.org/conda-forge/osx-64/tk-8.6.12-h5dbffcc_0.tar.bz2
https://conda.anaconda.org/conda-forge/osx-64/zlib-1.2.12-h6c3fc93_0.tar.bz2
https://conda.anaconda.org/conda-forge/osx-64/bwidget-1.9.14-h694c41f_1.tar.bz2
https://conda.anaconda.org/conda-forge/noarch/fonts-conda-ecosystem-1-0.tar.bz2
https://conda.anaconda.org/conda-forge/osx-64/krb5-1.19.3-hb49756b_0.tar.bz2
https://conda.anaconda.org/conda-forge/osx-64/libclang-cpp14-14.0.4-default_h55ffa42_0.tar.bz2
https://conda.anaconda.org/conda-forge/osx-64/libgfortran-5.0.0-9_3_0_h6c81a4c_23.tar.bz2
https://conda.anaconda.org/conda-forge/osx-64/libglib-2.70.2-hf1fb8c0_4.tar.bz2
https://conda.anaconda.org/conda-forge/osx-64/libnghttp2-1.47.0-h942079c_0.tar.bz2
https://conda.anaconda.org/conda-forge/osx-64/libpng-1.6.37-h7cec526_2.tar.bz2
https://conda.anaconda.org/conda-forge/osx-64/libprotobuf-3.20.1-h2292cb8_0.tar.bz2
https://conda.anaconda.org/conda-forge/osx-64/libssh2-1.10.0-h52ee1ee_2.tar.bz2
https://conda.anaconda.org/conda-forge/osx-64/libxml2-2.9.14-h08a9926_0.tar.bz2
https://conda.anaconda.org/conda-forge/osx-64/llvm-tools-14.0.4-h41df66c_0.tar.bz2
https://conda.anaconda.org/conda-forge/osx-64/mpfr-4.1.0-h0f52abe_1.tar.bz2
https://conda.anaconda.org/conda-forge/osx-64/pcre2-10.37-ha16e1b2_0.tar.bz2
https://conda.anaconda.org/conda-forge/osx-64/sigtool-0.1.3-h57ddcff_0.tar.bz2
https://conda.anaconda.org/conda-forge/osx-64/sqlite-3.38.5-hd9f0692_0.tar.bz2
https://conda.anaconda.org/conda-forge/osx-64/tktable-2.10-h49f0cf7_3.tar.bz2
https://conda.anaconda.org/conda-forge/osx-64/zstd-1.5.2-ha9df2e0_1.tar.bz2
https://conda.anaconda.org/conda-forge/osx-64/clang-14-14.0.4-default_h55ffa42_0.tar.bz2
https://conda.anaconda.org/conda-forge/osx-64/freetype-2.10.4-h4cff582_1.tar.bz2
https://conda.anaconda.org/conda-forge/osx-64/ld64_osx-64-609-h1e06c2b_10.tar.bz2
https://conda.anaconda.org/conda-forge/osx-64/libcurl-7.83.1-h372c54d_0.tar.bz2
https://conda.anaconda.org/conda-forge/osx-64/libopenblas-0.3.20-openmp_hb3cd9ec_0.tar.bz2
https://conda.anaconda.org/conda-forge/osx-64/libtiff-4.4.0-hfca7e8f_0.tar.bz2
https://conda.anaconda.org/conda-forge/osx-64/mpc-1.2.1-hbb51d92_0.tar.bz2
https://conda.anaconda.org/conda-forge/osx-64/python-3.10.4-h8b4d769_0_cpython.tar.bz2
https://conda.anaconda.org/conda-forge/noarch/appdirs-1.4.4-pyh9f0ad1d_0.tar.bz2
https://conda.anaconda.org/conda-forge/noarch/attrs-21.4.0-pyhd8ed1ab_0.tar.bz2
https://conda.anaconda.org/conda-forge/noarch/backports-1.0-py_2.tar.bz2
https://conda.anaconda.org/conda-forge/noarch/cachetools-5.0.0-pyhd8ed1ab_0.tar.bz2
https://conda.anaconda.org/conda-forge/osx-64/cctools_osx-64-973.0.1-h3eff9a4_10.tar.bz2
https://conda.anaconda.org/conda-forge/noarch/charset-normalizer-2.0.12-pyhd8ed1ab_0.tar.bz2
https://conda.anaconda.org/conda-forge/osx-64/clang-14.0.4-h694c41f_0.tar.bz2
https://conda.anaconda.org/conda-forge/noarch/configargparse-1.5.3-pyhd8ed1ab_0.tar.bz2
https://conda.anaconda.org/conda-forge/noarch/connection_pool-0.0.3-pyhd3deb0d_0.tar.bz2
https://conda.anaconda.org/conda-forge/osx-64/curl-7.83.1-h372c54d_0.tar.bz2
https://conda.anaconda.org/conda-forge/noarch/decorator-5.1.1-pyhd8ed1ab_0.tar.bz2
https://conda.anaconda.org/conda-forge/noarch/defusedxml-0.7.1-pyhd8ed1ab_0.tar.bz2
https://conda.anaconda.org/conda-forge/noarch/filechunkio-1.8-py_2.tar.bz2
https://conda.anaconda.org/conda-forge/noarch/filelock-3.7.1-pyhd8ed1ab_0.tar.bz2
https://conda.anaconda.org/conda-forge/osx-64/fontconfig-2.14.0-h676cef8_0.tar.bz2
https://conda.anaconda.org/conda-forge/noarch/ftputil-5.0.4-pyhd8ed1ab_0.tar.bz2
https://conda.anaconda.org/conda-forge/osx-64/gfortran_impl_osx-64-9.3.0-h9cc0e5e_23.tar.bz2
https://conda.anaconda.org/conda-forge/noarch/idna-3.3-pyhd8ed1ab_0.tar.bz2
https://conda.anaconda.org/conda-forge/noarch/iniconfig-1.1.1-pyh9f0ad1d_0.tar.bz2
https://conda.anaconda.org/conda-forge/noarch/jmespath-1.0.0-pyhd8ed1ab_0.tar.bz2
https://conda.anaconda.org/conda-forge/osx-64/libblas-3.9.0-15_osx64_openblas.tar.bz2
https://conda.anaconda.org/conda-forge/noarch/logmuse-0.2.6-pyh8c360ce_0.tar.bz2
https://conda.anaconda.org/conda-forge/noarch/plac-1.3.5-pyhd8ed1ab_0.tar.bz2
https://conda.anaconda.org/conda-forge/noarch/ply-3.11-py_1.tar.bz2
https://conda.anaconda.org/conda-forge/noarch/py-1.11.0-pyh6c4a22f_0.tar.bz2
https://conda.anaconda.org/conda-forge/noarch/pyasn1-0.4.8-py_0.tar.bz2
https://conda.anaconda.org/conda-forge/noarch/pycparser-2.21-pyhd8ed1ab_0.tar.bz2
https://conda.anaconda.org/conda-forge/noarch/pyparsing-3.0.9-pyhd8ed1ab_0.tar.bz2
https://conda.anaconda.org/conda-forge/noarch/python-fastjsonschema-2.15.3-pyhd8ed1ab_0.tar.bz2
https://conda.anaconda.org/conda-forge/osx-64/python_abi-3.10-2_cp310.tar.bz2
https://conda.anaconda.org/conda-forge/noarch/pytz-2022.1-pyhd8ed1ab_0.tar.bz2
https://conda.anaconda.org/conda-forge/noarch/ratelimiter-1.2.0-py_1002.tar.bz2
https://conda.anaconda.org/conda-forge/noarch/six-1.16.0-pyh6c4a22f_0.tar.bz2
https://conda.anaconda.org/conda-forge/noarch/smart_open-6.0.0-pyhd8ed1ab_0.tar.bz2
https://conda.anaconda.org/conda-forge/noarch/smmap-3.0.5-pyh44b312d_0.tar.bz2
https://conda.anaconda.org/conda-forge/noarch/tabulate-0.8.9-pyhd8ed1ab_0.tar.bz2
https://conda.anaconda.org/conda-forge/noarch/tomli-2.0.1-pyhd8ed1ab_0.tar.bz2
https://conda.anaconda.org/conda-forge/noarch/toposort-1.7-pyhd8ed1ab_0.tar.bz2
https://conda.anaconda.org/conda-forge/noarch/traitlets-5.2.2.post1-pyhd8ed1ab_0.tar.bz2
https://conda.anaconda.org/conda-forge/noarch/typing_extensions-4.2.0-pyha770c72_1.tar.bz2
https://conda.anaconda.org/conda-forge/noarch/uritemplate-4.1.1-pyhd8ed1ab_0.tar.bz2
https://conda.anaconda.org/conda-forge/noarch/wheel-0.37.1-pyhd8ed1ab_0.tar.bz2
https://conda.anaconda.org/conda-forge/noarch/zipp-3.8.0-pyhd8ed1ab_0.tar.bz2
https://conda.anaconda.org/conda-forge/osx-64/cairo-1.16.0-h1680b09_1011.tar.bz2
https://conda.anaconda.org/conda-forge/osx-64/certifi-2022.5.18.1-py310h2ec42d9_0.tar.bz2
https://conda.anaconda.org/conda-forge/osx-64/cffi-1.15.0-py310hcc37b68_0.tar.bz2
https://conda.anaconda.org/conda-forge/osx-64/clangxx-14.0.4-default_h55ffa42_0.tar.bz2
https://conda.anaconda.org/conda-forge/osx-64/datrie-0.8.2-py310he24745e_3.tar.bz2
https://conda.anaconda.org/conda-forge/osx-64/docutils-0.18.1-py310h2ec42d9_1.tar.bz2
https://conda.anaconda.org/conda-forge/osx-64/dpath-2.0.6-py310h2ec42d9_1.tar.bz2
https://conda.anaconda.org/conda-forge/osx-64/frozenlist-1.3.0-py310h1961e1f_1.tar.bz2
https://conda.anaconda.org/conda-forge/noarch/gitdb-4.0.9-pyhd8ed1ab_0.tar.bz2
https://conda.anaconda.org/conda-forge/noarch/httplib2-0.20.4-pyhd8ed1ab_0.tar.bz2
https://conda.anaconda.org/conda-forge/osx-64/importlib-metadata-4.11.4-py310h2ec42d9_0.tar.bz2
https://conda.anaconda.org/conda-forge/noarch/importlib_resources-5.7.1-pyhd8ed1ab_1.tar.bz2
https://conda.anaconda.org/conda-forge/osx-64/jupyter_core-4.10.0-py310h2ec42d9_0.tar.bz2
https://conda.anaconda.org/conda-forge/osx-64/libcblas-3.9.0-15_osx64_openblas.tar.bz2
https://conda.anaconda.org/conda-forge/osx-64/liblapack-3.9.0-15_osx64_openblas.tar.bz2
https://conda.anaconda.org/conda-forge/osx-64/markupsafe-2.1.1-py310h1961e1f_1.tar.bz2
https://conda.anaconda.org/conda-forge/osx-64/multidict-6.0.2-py310h1961e1f_1.tar.bz2
https://conda.anaconda.org/conda-forge/noarch/packaging-21.3-pyhd8ed1ab_0.tar.bz2
https://conda.anaconda.org/conda-forge/osx-64/pluggy-1.0.0-py310h2ec42d9_3.tar.bz2
https://conda.anaconda.org/conda-forge/osx-64/psutil-5.9.1-py310h6c45266_0.tar.bz2
https://conda.anaconda.org/conda-forge/noarch/pyasn1-modules-0.2.7-py_0.tar.bz2
https://conda.anaconda.org/conda-forge/osx-64/pyrsistent-0.18.1-py310h1961e1f_1.tar.bz2
https://conda.anaconda.org/conda-forge/osx-64/pysocks-1.7.1-py310h2ec42d9_5.tar.bz2
https://conda.anaconda.org/conda-forge/noarch/python-dateutil-2.8.2-pyhd8ed1ab_0.tar.bz2
https://conda.anaconda.org/conda-forge/noarch/pyu2f-0.1.5-pyhd8ed1ab_0.tar.bz2
https://conda.anaconda.org/conda-forge/osx-64/pyyaml-6.0-py310h1961e1f_4.tar.bz2
https://conda.anaconda.org/conda-forge/noarch/retry-0.9.2-py_0.tar.bz2
https://conda.anaconda.org/conda-forge/noarch/rsa-4.8-pyhd8ed1ab_0.tar.bz2
https://conda.anaconda.org/conda-forge/osx-64/setuptools-62.3.3-py310h2ec42d9_0.tar.bz2
https://conda.anaconda.org/conda-forge/noarch/stone-3.3.1-pyhd8ed1ab_0.tar.bz2
https://conda.anaconda.org/conda-forge/noarch/typing-extensions-4.2.0-hd8ed1ab_1.tar.bz2
https://conda.anaconda.org/conda-forge/osx-64/wrapt-1.14.1-py310h6c45266_0.tar.bz2
https://conda.anaconda.org/conda-forge/noarch/aiosignal-1.2.0-pyhd8ed1ab_0.tar.bz2
https://conda.anaconda.org/conda-forge/noarch/amply-0.1.5-pyhd8ed1ab_0.tar.bz2
https://conda.anaconda.org/conda-forge/noarch/async-timeout-4.0.2-pyhd8ed1ab_0.tar.bz2
https://conda.anaconda.org/conda-forge/noarch/backports.functools_lru_cache-1.6.4-pyhd8ed1ab_0.tar.bz2
https://conda.anaconda.org/conda-forge/osx-64/brotlipy-0.7.0-py310h1961e1f_1004.tar.bz2
https://conda.anaconda.org/conda-forge/noarch/compiler-rt_osx-64-14.0.4-h6df654d_0.tar.bz2
https://conda.anaconda.org/conda-forge/osx-64/cryptography-37.0.2-py310h52c3658_0.tar.bz2
https://conda.anaconda.org/conda-forge/noarch/gitpython-3.1.27-pyhd8ed1ab_0.tar.bz2
https://conda.anaconda.org/conda-forge/osx-64/google-crc32c-1.1.2-py310hf913535_3.tar.bz2
https://conda.anaconda.org/conda-forge/osx-64/grpcio-1.46.3-py310h23d8e5b_0.tar.bz2
https://conda.anaconda.org/conda-forge/osx-64/gsl-2.7-h93259b0_0.tar.bz2
https://conda.anaconda.org/conda-forge/osx-64/harfbuzz-4.3.0-h00bb2c2_0.tar.bz2
https://conda.anaconda.org/conda-forge/noarch/jinja2-3.1.2-pyhd8ed1ab_1.tar.bz2
https://conda.anaconda.org/conda-forge/noarch/jsonschema-4.6.0-pyhd8ed1ab_0.tar.bz2
https://conda.anaconda.org/conda-forge/osx-64/liblapacke-3.9.0-15_osx64_openblas.tar.bz2
https://conda.anaconda.org/conda-forge/osx-64/numpy-1.22.4-py310hed37afb_0.tar.bz2
https://conda.anaconda.org/conda-forge/noarch/oauth2client-4.1.3-py_0.tar.bz2
https://conda.anaconda.org/conda-forge/noarch/pip-22.1.2-pyhd8ed1ab_0.tar.bz2
https://conda.anaconda.org/conda-forge/osx-64/protobuf-3.20.1-py310hd4537e4_0.tar.bz2
https://conda.anaconda.org/conda-forge/noarch/pygments-2.12.0-pyhd8ed1ab_0.tar.bz2
https://conda.anaconda.org/conda-forge/osx-64/pynacl-1.5.0-py310h1961e1f_1.tar.bz2
https://conda.anaconda.org/conda-forge/osx-64/pytest-7.1.2-py310h2ec42d9_0.tar.bz2
https://conda.anaconda.org/conda-forge/noarch/setuptools-scm-6.4.2-pyhd8ed1ab_0.tar.bz2
https://conda.anaconda.org/conda-forge/noarch/stopit-1.1.2-py_0.tar.bz2
https://conda.anaconda.org/conda-forge/osx-64/yarl-1.7.2-py310h1961e1f_2.tar.bz2
https://conda.anaconda.org/conda-forge/osx-64/yte-1.5.1-py310h2ec42d9_0.tar.bz2
https://conda.anaconda.org/conda-forge/osx-64/aiohttp-3.8.1-py310h1961e1f_1.tar.bz2
https://conda.anaconda.org/conda-forge/osx-64/bcrypt-3.2.2-py310h6c45266_0.tar.bz2
https://conda.anaconda.org/conda-forge/osx-64/coin-or-utils-2.11.6-h07ff368_0.tar.bz2
https://conda.anaconda.org/conda-forge/osx-64/compiler-rt-14.0.4-h7fcd477_0.tar.bz2
https://conda.anaconda.org/conda-forge/noarch/google-resumable-media-2.3.3-pyhd8ed1ab_0.tar.bz2
https://conda.anaconda.org/conda-forge/osx-64/googleapis-common-protos-1.56.2-py310h2ec42d9_0.tar.bz2
https://conda.anaconda.org/conda-forge/noarch/nbformat-5.4.0-pyhd8ed1ab_0.tar.bz2
https://conda.anaconda.org/conda-forge/osx-64/pandas-1.4.2-py310h3099161_2.tar.bz2
https://conda.anaconda.org/conda-forge/osx-64/pango-1.50.7-hc4a7b6d_0.tar.bz2
https://conda.anaconda.org/conda-forge/noarch/pyopenssl-22.0.0-pyhd8ed1ab_0.tar.bz2
https://conda.anaconda.org/conda-forge/osx-64/scipy-1.8.1-py310h1f9c157_0.tar.bz2
https://conda.anaconda.org/conda-forge/noarch/veracitools-0.1.3-py_0.tar.bz2
https://conda.anaconda.org/conda-forge/noarch/wcwidth-0.2.5-pyh9f0ad1d_2.tar.bz2
https://conda.anaconda.org/conda-forge/noarch/aioeasywebdav-2.4.0-pyha770c72_0.tar.bz2
https://conda.anaconda.org/conda-forge/osx-64/clang_osx-64-14.0.4-h3a95cd4_2.tar.bz2
https://conda.anaconda.org/conda-forge/osx-64/coin-or-osi-0.108.7-h009c923_0.tar.bz2
https://conda.anaconda.org/conda-forge/noarch/paramiko-2.11.0-pyhd8ed1ab_0.tar.bz2
https://conda.anaconda.org/conda-forge/noarch/prettytable-3.3.0-pyhd8ed1ab_0.tar.bz2
https://conda.anaconda.org/conda-forge/noarch/ubiquerg-0.6.1-pyh9f0ad1d_0.tar.bz2
https://conda.anaconda.org/conda-forge/noarch/urllib3-1.26.9-pyhd8ed1ab_0.tar.bz2
https://conda.anaconda.org/conda-forge/noarch/attmap-0.13.2-pyhd8ed1ab_0.tar.bz2
https://conda.anaconda.org/conda-forge/noarch/botocore-1.27.4-pyhd8ed1ab_0.tar.bz2
https://conda.anaconda.org/conda-forge/osx-64/clangxx_osx-64-14.0.4-he1dbc44_2.tar.bz2
https://conda.anaconda.org/conda-forge/osx-64/coin-or-clp-1.17.6-h79c0eca_3.tar.bz2
https://conda.anaconda.org/conda-forge/osx-64/gfortran_osx-64-9.3.0-h18f7dce_15.tar.bz2
https://conda.anaconda.org/conda-forge/noarch/pysftp-0.2.9-py_1.tar.bz2
https://conda.anaconda.org/conda-forge/noarch/python-irodsclient-1.1.3-pyhd8ed1ab_0.tar.bz2
https://conda.anaconda.org/conda-forge/noarch/requests-2.27.1-pyhd8ed1ab_0.tar.bz2
https://conda.anaconda.org/conda-forge/osx-64/coin-or-cgl-0.60.6-hdb64514_0.tar.bz2
https://conda.anaconda.org/conda-forge/noarch/dropbox-11.31.0-pyhd8ed1ab_0.tar.bz2
https://conda.anaconda.org/conda-forge/noarch/google-auth-2.7.0-pyh6c4a22f_1.tar.bz2
https://conda.anaconda.org/conda-forge/noarch/peppy-0.31.2-pyhd8ed1ab_2.tar.bz2
https://conda.anaconda.org/conda-forge/osx-64/r-base-4.1.3-h234e2ac_1.tar.bz2
https://conda.anaconda.org/conda-forge/noarch/s3transfer-0.6.0-pyhd8ed1ab_0.tar.bz2
https://conda.anaconda.org/conda-forge/noarch/slacker-0.14.0-py_0.tar.bz2
https://conda.anaconda.org/conda-forge/noarch/boto3-1.24.4-pyhd8ed1ab_0.tar.bz2
https://conda.anaconda.org/conda-forge/osx-64/coin-or-cbc-2.10.8-hc8a182d_0.tar.bz2
https://conda.anaconda.org/conda-forge/noarch/google-api-core-2.8.1-pyhd8ed1ab_0.tar.bz2
https://conda.anaconda.org/conda-forge/noarch/google-auth-httplib2-0.1.0-pyhd8ed1ab_1.tar.bz2
https://conda.anaconda.org/conda-forge/noarch/coincbc-2.10.8-0_metapackage.tar.bz2
https://conda.anaconda.org/conda-forge/noarch/google-api-python-client-2.50.0-pyhd8ed1ab_0.tar.bz2
https://conda.anaconda.org/conda-forge/noarch/google-cloud-core-2.3.0-pyhd8ed1ab_0.tar.bz2
https://conda.anaconda.org/conda-forge/noarch/google-cloud-storage-2.3.0-pyh6c4a22f_0.tar.bz2
https://conda.anaconda.org/conda-forge/osx-64/pulp-2.6.0-py310h2ec42d9_1.tar.bz2
https://conda.anaconda.org/bioconda/noarch/snakemake-minimal-7.8.2-pyhdfd78af_0.tar.bz2
https://conda.anaconda.org/bioconda/noarch/snakemake-7.8.2-hdfd78af_0.tar.bz2
