# This file may be used to create an environment using:
# $ conda create --name <env> --file <this file>
# platform: osx-64
@EXPLICIT
https://conda.anaconda.org/conda-forge/noarch/_r-mutex-1.0.1-anacondar_1.tar.bz2#19f9db5f4f1b7f5ef5f6d67207f25f38
https://conda.anaconda.org/conda-forge/osx-64/bzip2-1.0.8-h0d85af4_4.tar.bz2#37edc4e6304ca87316e160f5ca0bd1b5
https://conda.anaconda.org/conda-forge/osx-64/c-ares-1.18.1-h0d85af4_0.tar.bz2#00b3e98a61e6430808fe7a2534681f28
https://conda.anaconda.org/conda-forge/osx-64/ca-certificates-2022.5.18.1-h033912b_0.tar.bz2#8daebfd1f22a51afecb341604b86689c
https://conda.anaconda.org/conda-forge/noarch/font-ttf-dejavu-sans-mono-2.37-hab24e00_0.tar.bz2#0c96522c6bdaed4b1566d11387caaf45
https://conda.anaconda.org/conda-forge/noarch/font-ttf-inconsolata-3.000-h77eed37_0.tar.bz2#34893075a5c9e55cdafac56607368fc6
https://conda.anaconda.org/conda-forge/noarch/font-ttf-source-code-pro-2.038-h77eed37_0.tar.bz2#4d59c254e01d9cde7957100457e2d5fb
https://conda.anaconda.org/conda-forge/noarch/font-ttf-ubuntu-0.83-hab24e00_0.tar.bz2#19410c3df09dfb12d1206132a1d357c5
https://conda.anaconda.org/conda-forge/osx-64/fribidi-1.0.10-hbcb3906_0.tar.bz2#f1c6b41e0f56998ecd9a3e210faa1dc0
https://conda.anaconda.org/conda-forge/osx-64/jpeg-9e-h5eb16cf_1.tar.bz2#9d52137dd3f98b32dee941642901d08f
https://conda.anaconda.org/conda-forge/osx-64/libcxx-14.0.4-hc203e6f_0.tar.bz2#ceefb7e64c4f4a43dd622eb71cbb6804
https://conda.anaconda.org/conda-forge/osx-64/libdeflate-1.10-h0d85af4_0.tar.bz2#98a4bf0073c56678453dd86845d3bcc9
https://conda.anaconda.org/conda-forge/osx-64/libev-4.33-haf1e3a3_1.tar.bz2#79dc2be110b2a3d1e97ec21f691c50ad
https://conda.anaconda.org/conda-forge/osx-64/libffi-3.4.2-h0d85af4_5.tar.bz2#ccb34fb14960ad8b125962d3d79b31a9
https://conda.anaconda.org/conda-forge/noarch/libgfortran-devel_osx-64-9.3.0-h6c81a4c_23.tar.bz2#d66ac79367c179bf53520066430565e8
https://conda.anaconda.org/conda-forge/osx-64/libiconv-1.16-haf1e3a3_0.tar.bz2#c5fab167412a52e491c8e11453ae016f
https://conda.anaconda.org/conda-forge/osx-64/libsodium-1.0.18-hbcb3906_1.tar.bz2#24632c09ed931af617fe6d5292919cab
https://conda.anaconda.org/conda-forge/osx-64/libwebp-base-1.2.2-h0d85af4_1.tar.bz2#052369eda6e13f44b308407c99857f84
https://conda.anaconda.org/conda-forge/osx-64/libzlib-1.2.12-h6c3fc93_0.tar.bz2#f07bbb7d382718623d13296bd6f486f3
https://conda.anaconda.org/conda-forge/osx-64/llvm-openmp-14.0.4-ha654fa7_0.tar.bz2#5d5ab9ab83ce21422be84ecfd3142201
https://conda.anaconda.org/conda-forge/osx-64/make-4.3-h22f3db7_1.tar.bz2#ac4a1dd58e6d821c518ae0011e8592b7
https://conda.anaconda.org/conda-forge/osx-64/ncurses-6.3-h96cf925_1.tar.bz2#76217ebfbb163ff2770a261f955a5861
https://conda.anaconda.org/conda-forge/osx-64/pixman-0.40.0-hbcb3906_0.tar.bz2#09a583a6f172715be21d93aaa1b42d71
https://conda.anaconda.org/conda-forge/noarch/tzdata-2022a-h191b570_0.tar.bz2#84be5301069417a2221187d2f435e0f7
https://conda.anaconda.org/conda-forge/osx-64/xz-5.2.5-haf1e3a3_1.tar.bz2#41116deb499e9bc58048c297d6403ce6
https://conda.anaconda.org/conda-forge/osx-64/yaml-0.2.5-h0d85af4_2.tar.bz2#d7e08fcf8259d742156188e8762b4d20
https://conda.anaconda.org/conda-forge/osx-64/expat-2.4.8-h96cf925_0.tar.bz2#529d357c143fb98b9af77d687f82a3e0
https://conda.anaconda.org/conda-forge/noarch/fonts-conda-forge-1-0.tar.bz2#f766549260d6815b0c52253f1fb1bb29
https://conda.anaconda.org/conda-forge/osx-64/gettext-0.19.8.1-hd1a6beb_1008.tar.bz2#28c370fc39becf486601d9e491a5e184
https://conda.anaconda.org/conda-forge/osx-64/gmp-6.2.1-h2e338ed_0.tar.bz2#dedc96914428dae572a39e69ee2a392f
https://conda.anaconda.org/conda-forge/osx-64/graphite2-1.3.13-h2e338ed_1001.tar.bz2#5f6e7f98caddd0fc2d345b207531814c
https://conda.anaconda.org/conda-forge/osx-64/icu-70.1-h96cf925_0.tar.bz2#376635049e9b9b0bb875efd39dcd7b3b
https://conda.anaconda.org/conda-forge/osx-64/isl-0.22.1-hb1e8313_2.tar.bz2#d875acf04fcf1e4d5f3e179e0799363d
https://conda.anaconda.org/conda-forge/osx-64/lerc-3.0-he49afe7_0.tar.bz2#a1d21f85e4b0d5e27a88ecab5e3961da
https://conda.anaconda.org/conda-forge/osx-64/libcrc32c-1.1.2-he49afe7_0.tar.bz2#23d6d5a69918a438355d7cbc4c3d54c9
https://conda.anaconda.org/conda-forge/osx-64/libedit-3.1.20191231-h0678c8f_2.tar.bz2#6016a8a1d0e63cac3de2c352cd40208b
https://conda.anaconda.org/conda-forge/osx-64/libgfortran5-9.3.0-h6c81a4c_23.tar.bz2#a6956ceb628b14594613cefee5127a7a
https://conda.anaconda.org/conda-forge/osx-64/libllvm13-13.0.1-h64f94b2_2.tar.bz2#bac1c6f12f44f40e19274e6e04e9bad5
https://conda.anaconda.org/conda-forge/osx-64/libllvm14-14.0.4-h41df66c_0.tar.bz2#fb8b5e6baa2ed5a65a4cfd992acffd04
https://conda.anaconda.org/conda-forge/osx-64/lz4-c-1.9.3-he49afe7_1.tar.bz2#05c08241b66631c00ca4f9e0b75320bc
https://conda.anaconda.org/conda-forge/osx-64/openssl-1.1.1o-hfe4f2af_0.tar.bz2#655048e118f0b7029e5c216a1d7a6189
https://conda.anaconda.org/conda-forge/osx-64/pcre-8.45-he49afe7_0.tar.bz2#0526850419e04ac003bc0b65a78dc4cc
https://conda.anaconda.org/conda-forge/osx-64/readline-8.1-h05e3726_0.tar.bz2#2832e9b6a7caa7cb192fcda6cfcd8871
https://conda.anaconda.org/conda-forge/osx-64/tapi-1100.0.11-h9ce4665_0.tar.bz2#f9ff42ccf809a21ba6f8607f8de36108
https://conda.anaconda.org/conda-forge/osx-64/tk-8.6.12-h5dbffcc_0.tar.bz2#8e9480d9c47061db2ed1b4ecce519a7f
https://conda.anaconda.org/conda-forge/osx-64/zlib-1.2.12-h6c3fc93_0.tar.bz2#6afaa92362b47e2b058d2385b60727ea
https://conda.anaconda.org/conda-forge/osx-64/bwidget-1.9.14-h694c41f_1.tar.bz2#bfebc1f663c38331b8d0dca32a515e95
https://conda.anaconda.org/conda-forge/noarch/fonts-conda-ecosystem-1-0.tar.bz2#fee5683a3f04bd15cbd8318b096a27ab
https://conda.anaconda.org/conda-forge/osx-64/krb5-1.19.3-hb49756b_0.tar.bz2#e60363be26ab2a74326c06195d638447
https://conda.anaconda.org/conda-forge/osx-64/libclang-cpp14-14.0.4-default_h55ffa42_0.tar.bz2#e26b7a841f7c4b1612b8df173bfcb2ad
https://conda.anaconda.org/conda-forge/osx-64/libgfortran-5.0.0-9_3_0_h6c81a4c_23.tar.bz2#60f48cef2d50674e0428c5579b6c3f66
https://conda.anaconda.org/conda-forge/osx-64/libglib-2.70.2-hf1fb8c0_4.tar.bz2#2d01e3a78efd30c56ec19e65c0ec7ce1
https://conda.anaconda.org/conda-forge/osx-64/libnghttp2-1.47.0-h942079c_0.tar.bz2#86fc370e607a269b64ac6fa5d29e55e8
https://conda.anaconda.org/conda-forge/osx-64/libpng-1.6.37-h7cec526_2.tar.bz2#9e52521faba2b53269672628d34e1513
https://conda.anaconda.org/conda-forge/osx-64/libprotobuf-3.20.1-h2292cb8_0.tar.bz2#271ea7275ec6b91180306dcc30cce6ae
https://conda.anaconda.org/conda-forge/osx-64/libssh2-1.10.0-h52ee1ee_2.tar.bz2#8c8f3804e8e252b47443cfe8e40eddf9
https://conda.anaconda.org/conda-forge/osx-64/libxml2-2.9.14-h08a9926_0.tar.bz2#3f1b05fc03318121ba2c5eabbf28be2f
https://conda.anaconda.org/conda-forge/osx-64/llvm-tools-14.0.4-h41df66c_0.tar.bz2#766281931b17e3f609abec4e0bbfa282
https://conda.anaconda.org/conda-forge/osx-64/mpfr-4.1.0-h0f52abe_1.tar.bz2#afe26b08c2d2265b4d663d199000e5da
https://conda.anaconda.org/conda-forge/osx-64/pcre2-10.37-ha16e1b2_0.tar.bz2#a3be43be1fcee194d1e82e5ca2ce47bc
https://conda.anaconda.org/conda-forge/osx-64/sigtool-0.1.3-h57ddcff_0.tar.bz2#e0dcb354df4ad4f79539d57e4f8ec1bd
https://conda.anaconda.org/conda-forge/osx-64/sqlite-3.38.5-hd9f0692_0.tar.bz2#258c39c5e2eff8b8b29d1a027e4e1b5a
https://conda.anaconda.org/conda-forge/osx-64/tktable-2.10-h49f0cf7_3.tar.bz2#7bef1276592e76da81806b20c2ddacd0
https://conda.anaconda.org/conda-forge/osx-64/zstd-1.5.2-ha9df2e0_1.tar.bz2#8817fcb007cba0011181150378f6baf0
https://conda.anaconda.org/conda-forge/osx-64/clang-14-14.0.4-default_h55ffa42_0.tar.bz2#bb9de1537a65d6dc6a25fb9f81f64bae
https://conda.anaconda.org/conda-forge/osx-64/freetype-2.10.4-h4cff582_1.tar.bz2#5a136a432c6062362cd7990c514bd8d6
https://conda.anaconda.org/conda-forge/osx-64/ld64_osx-64-609-h1e06c2b_10.tar.bz2#7923b80d48e60eb74976654192964ee6
https://conda.anaconda.org/conda-forge/osx-64/libcurl-7.83.1-h372c54d_0.tar.bz2#393526f4c307ded911957e3723e34bed
https://conda.anaconda.org/conda-forge/osx-64/libopenblas-0.3.20-openmp_hb3cd9ec_0.tar.bz2#d862e4a5c6e7bf0bc9d66a38f5c73142
https://conda.anaconda.org/conda-forge/osx-64/libtiff-4.4.0-hfca7e8f_0.tar.bz2#7b6d99d80fa5cbd448d84cbafa026425
https://conda.anaconda.org/conda-forge/osx-64/mpc-1.2.1-hbb51d92_0.tar.bz2#9f46d6ad4c460679ee997abc10da3bac
https://conda.anaconda.org/conda-forge/osx-64/python-3.10.4-h8b4d769_0_cpython.tar.bz2#62ebdb09c27c4cd4bcc84c6a283cb6cb
https://conda.anaconda.org/conda-forge/noarch/appdirs-1.4.4-pyh9f0ad1d_0.tar.bz2#5f095bc6454094e96f146491fd03633b
https://conda.anaconda.org/conda-forge/noarch/attrs-21.4.0-pyhd8ed1ab_0.tar.bz2#f70280205d7044c8b8358c8de3190e5d
https://conda.anaconda.org/conda-forge/noarch/backports-1.0-py_2.tar.bz2#0da16b293affa6ac31812376f8eb79dd
https://conda.anaconda.org/conda-forge/noarch/cachetools-5.0.0-pyhd8ed1ab_0.tar.bz2#fadf619797a005b4aacbfc3003d80545
https://conda.anaconda.org/conda-forge/osx-64/cctools_osx-64-973.0.1-h3eff9a4_10.tar.bz2#a7552b2de2f52bbf8b726d982507b1ef
https://conda.anaconda.org/conda-forge/noarch/charset-normalizer-2.0.12-pyhd8ed1ab_0.tar.bz2#1f5b32dabae0f1893ae3283dac7f799e
https://conda.anaconda.org/conda-forge/osx-64/clang-14.0.4-h694c41f_0.tar.bz2#7c8851ee02c340f08b9f3d874c3b65a1
https://conda.anaconda.org/conda-forge/noarch/configargparse-1.5.3-pyhd8ed1ab_0.tar.bz2#318b72c3c2dfca9aebdbaf258609d02d
https://conda.anaconda.org/conda-forge/noarch/connection_pool-0.0.3-pyhd3deb0d_0.tar.bz2#e270fff08907db8691c02a0eda8d38ae
https://conda.anaconda.org/conda-forge/osx-64/curl-7.83.1-h372c54d_0.tar.bz2#751e7246045a30deda6aa999c16f6cd4
https://conda.anaconda.org/conda-forge/noarch/decorator-5.1.1-pyhd8ed1ab_0.tar.bz2#43afe5ab04e35e17ba28649471dd7364
https://conda.anaconda.org/conda-forge/noarch/defusedxml-0.7.1-pyhd8ed1ab_0.tar.bz2#961b3a227b437d82ad7054484cfa71b2
https://conda.anaconda.org/conda-forge/noarch/filechunkio-1.8-py_2.tar.bz2#5e721173512c05bb5973ceb5616f8c03
https://conda.anaconda.org/conda-forge/noarch/filelock-3.7.1-pyhd8ed1ab_0.tar.bz2#7556872687250e0ea038eb503da3c44b
https://conda.anaconda.org/conda-forge/osx-64/fontconfig-2.14.0-h676cef8_0.tar.bz2#6fb376cc756918597bdb6cf04364856d
https://conda.anaconda.org/conda-forge/noarch/ftputil-5.0.4-pyhd8ed1ab_0.tar.bz2#83ae47fd5bd9306281db44d85d5813a5
https://conda.anaconda.org/conda-forge/osx-64/gfortran_impl_osx-64-9.3.0-h9cc0e5e_23.tar.bz2#e906ccf40e156c6aa1e7804a1db4b849
https://conda.anaconda.org/conda-forge/noarch/idna-3.3-pyhd8ed1ab_0.tar.bz2#40b50b8b030f5f2f22085c062ed013dd
https://conda.anaconda.org/conda-forge/noarch/iniconfig-1.1.1-pyh9f0ad1d_0.tar.bz2#39161f81cc5e5ca45b8226fbb06c6905
https://conda.anaconda.org/conda-forge/noarch/jmespath-1.0.0-pyhd8ed1ab_0.tar.bz2#e2beb2421b23e07feb2fd89e87cb512c
https://conda.anaconda.org/conda-forge/osx-64/libblas-3.9.0-15_osx64_openblas.tar.bz2#48c26d27a96c71cfae2621311aa06215
https://conda.anaconda.org/conda-forge/noarch/logmuse-0.2.6-pyh8c360ce_0.tar.bz2#58adb9b2a7f4b0622217868a532eeb95
https://conda.anaconda.org/conda-forge/noarch/plac-1.3.5-pyhd8ed1ab_0.tar.bz2#2a2a3d9ccee1a4c2530374e29add74bc
https://conda.anaconda.org/conda-forge/noarch/ply-3.11-py_1.tar.bz2#7205635cd71531943440fbfe3b6b5727
https://conda.anaconda.org/conda-forge/noarch/py-1.11.0-pyh6c4a22f_0.tar.bz2#b4613d7e7a493916d867842a6a148054
https://conda.anaconda.org/conda-forge/noarch/pyasn1-0.4.8-py_0.tar.bz2#06d04c9f8f72ac77911db942eda24fb9
https://conda.anaconda.org/conda-forge/noarch/pycparser-2.21-pyhd8ed1ab_0.tar.bz2#076becd9e05608f8dc72757d5f3a91ff
https://conda.anaconda.org/conda-forge/noarch/pyparsing-3.0.9-pyhd8ed1ab_0.tar.bz2#e8fbc1b54b25f4b08281467bc13b70cc
https://conda.anaconda.org/conda-forge/noarch/python-fastjsonschema-2.15.3-pyhd8ed1ab_0.tar.bz2#fae309d1cc996da1f63de9d321e65e27
https://conda.anaconda.org/conda-forge/osx-64/python_abi-3.10-2_cp310.tar.bz2#502ca4a8b43b424316f380d864832877
https://conda.anaconda.org/conda-forge/noarch/pytz-2022.1-pyhd8ed1ab_0.tar.bz2#b87d66d6d3991d988fb31510c95a9267
https://conda.anaconda.org/conda-forge/noarch/ratelimiter-1.2.0-py_1002.tar.bz2#a3326f1950c9a8e52a4b5817ba607caa
https://conda.anaconda.org/conda-forge/noarch/six-1.16.0-pyh6c4a22f_0.tar.bz2#e5f25f8dbc060e9a8d912e432202afc2
https://conda.anaconda.org/conda-forge/noarch/smart_open-6.0.0-pyhd8ed1ab_0.tar.bz2#5d40e4815020f694fc338f4ad04bf648
https://conda.anaconda.org/conda-forge/noarch/smmap-3.0.5-pyh44b312d_0.tar.bz2#3a8dc70789709aa315325d5df06fb7e4
https://conda.anaconda.org/conda-forge/noarch/tabulate-0.8.9-pyhd8ed1ab_0.tar.bz2#ee657dbe69e892aeccde7cabb4edf261
https://conda.anaconda.org/conda-forge/noarch/tomli-2.0.1-pyhd8ed1ab_0.tar.bz2#5844808ffab9ebdb694585b50ba02a96
https://conda.anaconda.org/conda-forge/noarch/toposort-1.7-pyhd8ed1ab_0.tar.bz2#ce711f7c322298edf8e7bd592a06b4b7
https://conda.anaconda.org/conda-forge/noarch/traitlets-5.2.2.post1-pyhd8ed1ab_0.tar.bz2#2b06b17ee111c3df688affbe3964a3b3
https://conda.anaconda.org/conda-forge/noarch/typing_extensions-4.2.0-pyha770c72_1.tar.bz2#f0f7e024f94e23d3bfee0ab777bf335a
https://conda.anaconda.org/conda-forge/noarch/uritemplate-4.1.1-pyhd8ed1ab_0.tar.bz2#0c4beeff1cbaba9b1a494c6b3dfc5bcc
https://conda.anaconda.org/conda-forge/noarch/wheel-0.37.1-pyhd8ed1ab_0.tar.bz2#1ca02aaf78d9c70d9a81a3bed5752022
https://conda.anaconda.org/conda-forge/noarch/zipp-3.8.0-pyhd8ed1ab_0.tar.bz2#050b94cf4a8c760656e51d2d44e4632c
https://conda.anaconda.org/conda-forge/osx-64/cairo-1.16.0-h1680b09_1011.tar.bz2#603ee02e0528ee5eb53677b5e8cffef2
https://conda.anaconda.org/conda-forge/osx-64/certifi-2022.5.18.1-py310h2ec42d9_0.tar.bz2#7835c0b6bf96eb97567694974c1902c7
https://conda.anaconda.org/conda-forge/osx-64/cffi-1.15.0-py310hcc37b68_0.tar.bz2#bca69dbd12cea5ae0dc298fc58a3c4ee
https://conda.anaconda.org/conda-forge/osx-64/clangxx-14.0.4-default_h55ffa42_0.tar.bz2#edefb0f4aa4e6dcc7f2d5436edc9e17e
https://conda.anaconda.org/conda-forge/osx-64/datrie-0.8.2-py310he24745e_3.tar.bz2#b1ad1d16fa248588d71ee37942caca3d
https://conda.anaconda.org/conda-forge/osx-64/docutils-0.18.1-py310h2ec42d9_1.tar.bz2#f95000f735a9dbba847e6d03e9ce71ad
https://conda.anaconda.org/conda-forge/osx-64/dpath-2.0.6-py310h2ec42d9_1.tar.bz2#a2d176b5025101012c12b0e15b44b753
https://conda.anaconda.org/conda-forge/osx-64/frozenlist-1.3.0-py310h1961e1f_1.tar.bz2#3e9f6d8d6e22257550e5f8e1df98adde
https://conda.anaconda.org/conda-forge/noarch/gitdb-4.0.9-pyhd8ed1ab_0.tar.bz2#40fc6b14a45dee3a3fd9f302d026108e
https://conda.anaconda.org/conda-forge/noarch/httplib2-0.20.4-pyhd8ed1ab_0.tar.bz2#3e95f321d7ea7811acf87c288c426095
https://conda.anaconda.org/conda-forge/osx-64/importlib-metadata-4.11.4-py310h2ec42d9_0.tar.bz2#f67654246da9adc1ea5f37c160758619
https://conda.anaconda.org/conda-forge/noarch/importlib_resources-5.7.1-pyhd8ed1ab_1.tar.bz2#56567286f9f9716bea44fe9301e1b34d
https://conda.anaconda.org/conda-forge/osx-64/jupyter_core-4.10.0-py310h2ec42d9_0.tar.bz2#6c20066668eebee6e52c33845cb6a152
https://conda.anaconda.org/conda-forge/osx-64/libcblas-3.9.0-15_osx64_openblas.tar.bz2#2d26f8ba1e89bcc2704ac7a38d4cc74c
https://conda.anaconda.org/conda-forge/osx-64/liblapack-3.9.0-15_osx64_openblas.tar.bz2#8679c41f1fcb5b54aaecce18ec3e1875
https://conda.anaconda.org/conda-forge/osx-64/markupsafe-2.1.1-py310h1961e1f_1.tar.bz2#48e4c1949b302e2d16d29df8788adef7
https://conda.anaconda.org/conda-forge/osx-64/multidict-6.0.2-py310h1961e1f_1.tar.bz2#27295db827dc93f8c4899ba227237b81
https://conda.anaconda.org/conda-forge/noarch/packaging-21.3-pyhd8ed1ab_0.tar.bz2#71f1ab2de48613876becddd496371c85
https://conda.anaconda.org/conda-forge/osx-64/pluggy-1.0.0-py310h2ec42d9_3.tar.bz2#b2349ab9b4c83ae573a6985f728e5f37
https://conda.anaconda.org/conda-forge/osx-64/psutil-5.9.1-py310h6c45266_0.tar.bz2#502d7f7ee7548a6f73560a4971a07d23
https://conda.anaconda.org/conda-forge/noarch/pyasn1-modules-0.2.7-py_0.tar.bz2#ad1e886d09700b2304975335f714bd9c
https://conda.anaconda.org/conda-forge/osx-64/pyrsistent-0.18.1-py310h1961e1f_1.tar.bz2#1d5a3bffbe50e9c4f29360377619dd76
https://conda.anaconda.org/conda-forge/osx-64/pysocks-1.7.1-py310h2ec42d9_5.tar.bz2#8b7a82347d1ed70878126333339f4969
https://conda.anaconda.org/conda-forge/noarch/python-dateutil-2.8.2-pyhd8ed1ab_0.tar.bz2#dd999d1cc9f79e67dbb855c8924c7984
https://conda.anaconda.org/conda-forge/noarch/pyu2f-0.1.5-pyhd8ed1ab_0.tar.bz2#caabbeaa83928d0c3e3949261daa18eb
https://conda.anaconda.org/conda-forge/osx-64/pyyaml-6.0-py310h1961e1f_4.tar.bz2#51b485b7f9595c2a1188451d54da17b1
https://conda.anaconda.org/conda-forge/noarch/retry-0.9.2-py_0.tar.bz2#b83b7289405e8aab02d1a72bc14506f8
https://conda.anaconda.org/conda-forge/noarch/rsa-4.8-pyhd8ed1ab_0.tar.bz2#0fdcca8ad4e0e66bde199c40f2d1019a
https://conda.anaconda.org/conda-forge/osx-64/setuptools-62.3.3-py310h2ec42d9_0.tar.bz2#08f1e09516699a35c61850f548126384
https://conda.anaconda.org/conda-forge/noarch/stone-3.3.1-pyhd8ed1ab_0.tar.bz2#aa3301a0ebb3473e48544528dadf911e
https://conda.anaconda.org/conda-forge/noarch/typing-extensions-4.2.0-hd8ed1ab_1.tar.bz2#6d9d7480c5780514779967be2ee8b963
https://conda.anaconda.org/conda-forge/osx-64/wrapt-1.14.1-py310h6c45266_0.tar.bz2#f8497f5d4fbc253a9bc2a407416b2c9b
https://conda.anaconda.org/conda-forge/noarch/aiosignal-1.2.0-pyhd8ed1ab_0.tar.bz2#68c9a0ab410c72abd24cbaac57703519
https://conda.anaconda.org/conda-forge/noarch/amply-0.1.5-pyhd8ed1ab_0.tar.bz2#77d9fa71552d07696ba44d2fac4f3d28
https://conda.anaconda.org/conda-forge/noarch/async-timeout-4.0.2-pyhd8ed1ab_0.tar.bz2#25e79f9a1133556671becbd65a170c78
https://conda.anaconda.org/conda-forge/noarch/backports.functools_lru_cache-1.6.4-pyhd8ed1ab_0.tar.bz2#c5b3edc62d6309088f4970b3eaaa65a6
https://conda.anaconda.org/conda-forge/osx-64/brotlipy-0.7.0-py310h1961e1f_1004.tar.bz2#e84bd2f66966aa51356dfe14ef887e42
https://conda.anaconda.org/conda-forge/noarch/compiler-rt_osx-64-14.0.4-h6df654d_0.tar.bz2#39c0169a3ab059d48b033a389becdfdc
https://conda.anaconda.org/conda-forge/osx-64/cryptography-37.0.2-py310h52c3658_0.tar.bz2#d59b17f2f4c984ae052f05bc45ad7cea
https://conda.anaconda.org/conda-forge/noarch/gitpython-3.1.27-pyhd8ed1ab_0.tar.bz2#20acbaab17a50ac9b64138eb9a0e1af8
https://conda.anaconda.org/conda-forge/osx-64/google-crc32c-1.1.2-py310hf913535_3.tar.bz2#1d2f054f73afe4a214f8f89ed3181218
https://conda.anaconda.org/conda-forge/osx-64/grpcio-1.46.3-py310h23d8e5b_0.tar.bz2#d9fd2c68862a73c05421372ea1b697b5
https://conda.anaconda.org/conda-forge/osx-64/gsl-2.7-h93259b0_0.tar.bz2#b4942b1ee2a52fd67f446074488d774d
https://conda.anaconda.org/conda-forge/osx-64/harfbuzz-4.3.0-h00bb2c2_0.tar.bz2#606f9fa64e5233b68b086f00111ceb5c
https://conda.anaconda.org/conda-forge/noarch/jinja2-3.1.2-pyhd8ed1ab_1.tar.bz2#c8490ed5c70966d232fdd389d0dbed37
https://conda.anaconda.org/conda-forge/noarch/jsonschema-4.6.0-pyhd8ed1ab_0.tar.bz2#5ac91a7eac2a10e636e71b3ddab2e015
https://conda.anaconda.org/conda-forge/osx-64/liblapacke-3.9.0-15_osx64_openblas.tar.bz2#44186a628b85820a7b1aff0fbe3d412d
https://conda.anaconda.org/conda-forge/osx-64/numpy-1.22.4-py310hed37afb_0.tar.bz2#cd4ad16cf8641c1b02c3966945ff00c3
https://conda.anaconda.org/conda-forge/noarch/oauth2client-4.1.3-py_0.tar.bz2#aafb86ecdbfea40c909719e3a6c72a04
https://conda.anaconda.org/conda-forge/noarch/pip-22.1.2-pyhd8ed1ab_0.tar.bz2#d29185c662a424f8bea1103270b85c96
https://conda.anaconda.org/conda-forge/osx-64/protobuf-3.20.1-py310hd4537e4_0.tar.bz2#8ae656392698b9ca2302abafbe09d435
https://conda.anaconda.org/conda-forge/noarch/pygments-2.12.0-pyhd8ed1ab_0.tar.bz2#cb27e2ded147e5bcc7eafc1c6d343cb3
https://conda.anaconda.org/conda-forge/osx-64/pynacl-1.5.0-py310h1961e1f_1.tar.bz2#acc1dfe21e84d49f384194531ad546da
https://conda.anaconda.org/conda-forge/osx-64/pytest-7.1.2-py310h2ec42d9_0.tar.bz2#213fafaad4bdda317efc58119135876b
https://conda.anaconda.org/conda-forge/noarch/setuptools-scm-6.4.2-pyhd8ed1ab_0.tar.bz2#4b55bf84b0f8113833a653d7ba1f52c8
https://conda.anaconda.org/conda-forge/noarch/stopit-1.1.2-py_0.tar.bz2#a07ae164291cd456aa3012f44654a950
https://conda.anaconda.org/conda-forge/osx-64/yarl-1.7.2-py310h1961e1f_2.tar.bz2#0f7f0dc700039e6efa4a2e3baa15d307
https://conda.anaconda.org/conda-forge/osx-64/yte-1.5.1-py310h2ec42d9_0.tar.bz2#8567de5f4f2e7d9bc0cd6f2ffa0ab769
https://conda.anaconda.org/conda-forge/osx-64/aiohttp-3.8.1-py310h1961e1f_1.tar.bz2#fc11dc0abd26c93b23e39c75dc8bf767
https://conda.anaconda.org/conda-forge/osx-64/bcrypt-3.2.2-py310h6c45266_0.tar.bz2#cb23b16db9fdd68800af9b2aba0f379d
https://conda.anaconda.org/conda-forge/osx-64/coin-or-utils-2.11.6-h07ff368_0.tar.bz2#13c6d4c5ea547f49e393625675f9375d
https://conda.anaconda.org/conda-forge/osx-64/compiler-rt-14.0.4-h7fcd477_0.tar.bz2#d81ce4ea83433bea77d3977c939a6e59
https://conda.anaconda.org/conda-forge/noarch/google-resumable-media-2.3.3-pyhd8ed1ab_0.tar.bz2#6a110581a8267aad65145c2fe3bc7d7c
https://conda.anaconda.org/conda-forge/osx-64/googleapis-common-protos-1.56.2-py310h2ec42d9_0.tar.bz2#39e737f46bcf3063d6a0b5d6f5812169
https://conda.anaconda.org/conda-forge/noarch/nbformat-5.4.0-pyhd8ed1ab_0.tar.bz2#770f6659243e2c79a0b8488b0e463bd1
https://conda.anaconda.org/conda-forge/osx-64/pandas-1.4.2-py310h3099161_2.tar.bz2#ff56d328a77480ce9dbda56e030adf47
https://conda.anaconda.org/conda-forge/osx-64/pango-1.50.7-hc4a7b6d_0.tar.bz2#0ae9a672c9f29958796426716ed39292
https://conda.anaconda.org/conda-forge/noarch/pyopenssl-22.0.0-pyhd8ed1ab_0.tar.bz2#1d7e241dfaf5475e893d4b824bb71b44
https://conda.anaconda.org/conda-forge/osx-64/scipy-1.8.1-py310h1f9c157_0.tar.bz2#9301a094c53ed53bbbc168597c39719e
https://conda.anaconda.org/conda-forge/noarch/veracitools-0.1.3-py_0.tar.bz2#f2c8d44ea78cf639ab4810aedba43ab5
https://conda.anaconda.org/conda-forge/noarch/wcwidth-0.2.5-pyh9f0ad1d_2.tar.bz2#5266fcd697043c59621fda522b3d78ee
https://conda.anaconda.org/conda-forge/noarch/aioeasywebdav-2.4.0-pyha770c72_0.tar.bz2#dd5bf8931da06c21f9ea03e9621acfc7
https://conda.anaconda.org/conda-forge/osx-64/clang_osx-64-14.0.4-h3a95cd4_2.tar.bz2#a069b871f2df19703e46b0e56626c3c9
https://conda.anaconda.org/conda-forge/osx-64/coin-or-osi-0.108.7-h009c923_0.tar.bz2#fc726ab94d9dd491ea308b3ffddc88d6
https://conda.anaconda.org/conda-forge/noarch/paramiko-2.11.0-pyhd8ed1ab_0.tar.bz2#74a35060bbae98fbf7cfeaba2336152f
https://conda.anaconda.org/conda-forge/noarch/prettytable-3.3.0-pyhd8ed1ab_0.tar.bz2#dea2fab432fe04a89b47e67e172fce2e
https://conda.anaconda.org/conda-forge/noarch/ubiquerg-0.6.1-pyh9f0ad1d_0.tar.bz2#25fbe3d10a197b44421dceb5e9070401
https://conda.anaconda.org/conda-forge/noarch/urllib3-1.26.9-pyhd8ed1ab_0.tar.bz2#0ea179ee251aa7100807c35bc0252693
https://conda.anaconda.org/conda-forge/noarch/attmap-0.13.2-pyhd8ed1ab_0.tar.bz2#f7e348eb6bd53f544fd7cde87a7ba3c8
https://conda.anaconda.org/conda-forge/noarch/botocore-1.27.5-pyhd8ed1ab_0.tar.bz2#a339cf3e41309789aebfa2031042238d
https://conda.anaconda.org/conda-forge/osx-64/clangxx_osx-64-14.0.4-he1dbc44_2.tar.bz2#a82006ea176018f37f7c34c3c3d08630
https://conda.anaconda.org/conda-forge/osx-64/coin-or-clp-1.17.6-h79c0eca_3.tar.bz2#e9a1fb6215593a6e27237a9bbd56e7dd
https://conda.anaconda.org/conda-forge/osx-64/gfortran_osx-64-9.3.0-h18f7dce_15.tar.bz2#48f985e599ff223cd8acea3595d2cbe5
https://conda.anaconda.org/conda-forge/noarch/pysftp-0.2.9-py_1.tar.bz2#3172621a36e00ef8711a393784d8fa7f
https://conda.anaconda.org/conda-forge/noarch/python-irodsclient-1.1.3-pyhd8ed1ab_0.tar.bz2#674ba7535ccffce97147c1aa4750d2d5
https://conda.anaconda.org/conda-forge/noarch/requests-2.27.1-pyhd8ed1ab_0.tar.bz2#7c1c427246b057b8fa97200ecdb2ed62
https://conda.anaconda.org/conda-forge/osx-64/coin-or-cgl-0.60.6-hdb64514_0.tar.bz2#92a0145b39fec207ae89c118fb2baad6
https://conda.anaconda.org/conda-forge/noarch/dropbox-11.31.0-pyhd8ed1ab_0.tar.bz2#c9ebcd563110ad7d9b2d0196f4f27b32
https://conda.anaconda.org/conda-forge/noarch/google-auth-2.7.0-pyh6c4a22f_1.tar.bz2#7d30268cf84a0eefc5139a5279584f30
https://conda.anaconda.org/conda-forge/noarch/peppy-0.31.2-pyhd8ed1ab_2.tar.bz2#4e4813059156c463b2a79050d268131d
https://conda.anaconda.org/conda-forge/osx-64/r-base-4.1.3-h234e2ac_1.tar.bz2#a784174f9b35b172abac22d6845ebd7d
https://conda.anaconda.org/conda-forge/noarch/s3transfer-0.6.0-pyhd8ed1ab_0.tar.bz2#900e74d8547fbea3af028937df28ed77
https://conda.anaconda.org/conda-forge/noarch/slacker-0.14.0-py_0.tar.bz2#ea6b3b3b8babd487cdbcccb7f42c2ccf
https://conda.anaconda.org/conda-forge/noarch/boto3-1.24.5-pyhd8ed1ab_0.tar.bz2#65d2a8a094db9de878860d1e8ec9d50f
https://conda.anaconda.org/conda-forge/osx-64/coin-or-cbc-2.10.8-hc8a182d_0.tar.bz2#499cd4bec613bcaf7b2f6775e099805c
https://conda.anaconda.org/conda-forge/noarch/google-api-core-2.8.1-pyhd8ed1ab_0.tar.bz2#52a01ddffc33225b8b1027c2a87de476
https://conda.anaconda.org/conda-forge/noarch/google-auth-httplib2-0.1.0-pyhd8ed1ab_1.tar.bz2#829c632fd23d1d4dd0adeb461a4e6a13
https://conda.anaconda.org/conda-forge/noarch/coincbc-2.10.8-0_metapackage.tar.bz2#35c87e16b8ca27f20d2120d0a20be799
https://conda.anaconda.org/conda-forge/noarch/google-api-python-client-2.50.0-pyhd8ed1ab_0.tar.bz2#864e807dbf1b39dd2592a4a0d912970b
https://conda.anaconda.org/conda-forge/noarch/google-cloud-core-2.3.0-pyhd8ed1ab_0.tar.bz2#a86a8ca38f8edd8abd37e252ad60f3f4
https://conda.anaconda.org/conda-forge/noarch/google-cloud-storage-2.4.0-pyh6c4a22f_0.tar.bz2#8d1916bfadddff985b9c444089c8954e
https://conda.anaconda.org/conda-forge/osx-64/pulp-2.6.0-py310h2ec42d9_1.tar.bz2#8d05458e9376fa937c85169e30468a7a
https://conda.anaconda.org/bioconda/noarch/snakemake-minimal-7.8.2-pyhdfd78af_0.tar.bz2#480b0c512fcc2770c6936ee0455b9d55
https://conda.anaconda.org/bioconda/noarch/snakemake-7.8.2-hdfd78af_0.tar.bz2#e6acfa5d5654715f56514d72a5d61507
