# This file may be used to create an environment using:
# $ conda create --name <env> --file <this file>
# platform: win-64
@EXPLICIT
https://conda.anaconda.org/conda-forge/noarch/_r-mutex-1.0.1-anacondar_1.tar.bz2#19f9db5f4f1b7f5ef5f6d67207f25f38
https://conda.anaconda.org/conda-forge/win-64/ca-certificates-2022.9.14-h5b45459_0.tar.bz2#5351971f1f88d9dbeb24b1a71985a036
https://conda.anaconda.org/conda-forge/win-64/intel-openmp-2022.1.0-h57928b3_3787.tar.bz2#35dff2b6e944ce136a574c4c006cec28
https://conda.anaconda.org/conda-forge/win-64/msys2-conda-epoch-20160418-1.tar.bz2#b0309b72560df66f71a9d5e34a5efdfa
https://conda.anaconda.org/conda-forge/noarch/tzdata-2022c-h191b570_0.tar.bz2#a56386ad31a7322940dd7d03fb3a9979
https://conda.anaconda.org/conda-forge/win-64/ucrt-10.0.20348.0-h57928b3_0.tar.bz2#6d666b6ea8251231ff508062d1e41f9c
https://conda.anaconda.org/conda-forge/win-64/m2w64-expat-2.1.1-2.tar.bz2#db44fde4e735d626b65cef1c6864d9ee
https://conda.anaconda.org/conda-forge/win-64/m2w64-gmp-6.1.0-2.tar.bz2#53a1c73e1e3d185516d7e3af177596d9
https://conda.anaconda.org/conda-forge/win-64/m2w64-gsl-2.1-2.tar.bz2#10d74053a6ef71d5b241dcb888f26094
https://conda.anaconda.org/conda-forge/win-64/m2w64-libiconv-1.14-6.tar.bz2#e701397b4fc0cf3fae3d93ab16223206
https://conda.anaconda.org/conda-forge/win-64/m2w64-libogg-1.3.2-3.tar.bz2#6625dc2927c059b2d3c534b95dab5f03
https://conda.anaconda.org/conda-forge/win-64/m2w64-libwinpthread-git-5.0.0.4634.697f757-2.tar.bz2#774130a326dee16f1ceb05cc687ee4f0
https://conda.anaconda.org/conda-forge/win-64/m2w64-wineditline-2.101-5.tar.bz2#dbf3928aea2832422342ed7cb43c9cdb
https://conda.anaconda.org/conda-forge/win-64/vs2015_runtime-14.29.30139-h890b9b1_7.tar.bz2#fa1c74e99660f26265535fefee8e0e42
https://conda.anaconda.org/conda-forge/win-64/m2w64-gcc-libs-core-5.3.0-7.tar.bz2#4289d80fb4d272f1f3b56cfe87ac90bd
https://conda.anaconda.org/conda-forge/win-64/m2w64-mpfr-3.1.4-4.tar.bz2#c06ce7a4ec998764e3e3c38f9985bceb
https://conda.anaconda.org/conda-forge/win-64/vc-14.2-hb210afc_7.tar.bz2#079ed576a6c8f0c9b0bbaca0b786daa3
https://conda.anaconda.org/conda-forge/win-64/bzip2-1.0.8-h8ffe710_4.tar.bz2#7c03c66026944073040cb19a4f3ec3c9
https://conda.anaconda.org/conda-forge/win-64/c-ares-1.18.1-h8ffe710_0.tar.bz2#6aa55bbdfe054ea36c1c99d3adace8d9
https://conda.anaconda.org/conda-forge/win-64/glpk-5.0-h8ffe710_0.tar.bz2#ff4181250d91940494d3127243a9d858
https://conda.anaconda.org/conda-forge/win-64/libabseil-20220623.0-cxx17_h1a56200_4.tar.bz2#07618cc45aeecd909dc4005eacdff45b
https://conda.anaconda.org/conda-forge/win-64/libcrc32c-1.1.2-h0e60522_0.tar.bz2#cd4cc2d0c610c8cb5419ccc979f2d6ce
https://conda.anaconda.org/conda-forge/win-64/libffi-3.4.2-h8ffe710_5.tar.bz2#2c96d1b6915b408893f9472569dee135
https://conda.anaconda.org/conda-forge/win-64/libsqlite-3.39.3-hcfcfb64_0.tar.bz2#b545e6653353294527707aff9e456cf2
https://conda.anaconda.org/conda-forge/win-64/libzlib-1.2.12-hcfcfb64_3.tar.bz2#8c64696cba59093d5c330c017979ec98
https://conda.anaconda.org/conda-forge/win-64/m2w64-gcc-libgfortran-5.3.0-6.tar.bz2#066552ac6b907ec6d72c0ddab29050dc
https://conda.anaconda.org/conda-forge/win-64/openssl-1.1.1q-h8ffe710_0.tar.bz2#2ee16f406ee12fe4dcd08b513e9bd0c6
https://conda.anaconda.org/conda-forge/win-64/re2-2022.06.01-h0e60522_0.tar.bz2#2b70e69e655509213d2e27154d9bc9a8
https://conda.anaconda.org/conda-forge/win-64/tbb-2021.5.0-h91493d7_2.tar.bz2#5053dc37b6f6a44f8e236d852c07e6fd
https://conda.anaconda.org/conda-forge/win-64/tk-8.6.12-h8ffe710_0.tar.bz2#c69a5047cc9291ae40afd4a1ad6f0c0f
https://conda.anaconda.org/conda-forge/win-64/xz-5.2.6-h8d14728_0.tar.bz2#515d77642eaa3639413c6b1bc3f94219
https://conda.anaconda.org/conda-forge/win-64/yaml-0.2.5-h8ffe710_2.tar.bz2#adbfb9f45d1004a26763652246a33764
https://conda.anaconda.org/conda-forge/win-64/libprotobuf-3.21.5-h12be248_3.tar.bz2#707edb5875e28bbc31a60f8256ab6efc
https://conda.anaconda.org/conda-forge/win-64/m2w64-gcc-libs-5.3.0-7.tar.bz2#fe759119b8b3bfa720b8762c6fdc35de
https://conda.anaconda.org/conda-forge/win-64/mkl-2022.1.0-h6a75c08_874.tar.bz2#2ff89a7337a9636029b4db9466e9f8e3
https://conda.anaconda.org/conda-forge/win-64/python-3.10.6-h9a09f29_0_cpython.tar.bz2#3c770bc964a3f52b67b3eb7f99eb817f
https://conda.anaconda.org/conda-forge/win-64/zlib-1.2.12-hcfcfb64_3.tar.bz2#ed1d293a0f0d1e0b9030f41050e76a2f
https://conda.anaconda.org/conda-forge/noarch/appdirs-1.4.4-pyh9f0ad1d_0.tar.bz2#5f095bc6454094e96f146491fd03633b
https://conda.anaconda.org/conda-forge/noarch/attrs-22.1.0-pyh71513ae_1.tar.bz2#6d3ccbc56256204925bfa8378722792f
https://conda.anaconda.org/conda-forge/noarch/backports-1.0-py_2.tar.bz2#0da16b293affa6ac31812376f8eb79dd
https://conda.anaconda.org/conda-forge/noarch/cachetools-5.2.0-pyhd8ed1ab_0.tar.bz2#c6653a1ed0c4a48ace64ab68a0bf9b27
https://conda.anaconda.org/conda-forge/noarch/certifi-2022.9.14-pyhd8ed1ab_0.tar.bz2#963e8ceccba45b5cf15f33906d5a20a1
https://conda.anaconda.org/conda-forge/noarch/charset-normalizer-2.1.1-pyhd8ed1ab_0.tar.bz2#c1d5b294fbf9a795dec349a6f4d8be8e
https://conda.anaconda.org/conda-forge/noarch/colorama-0.4.5-pyhd8ed1ab_0.tar.bz2#c267da48ce208905d7d976d49dfd9433
https://conda.anaconda.org/conda-forge/noarch/configargparse-1.5.3-pyhd8ed1ab_0.tar.bz2#318b72c3c2dfca9aebdbaf258609d02d
https://conda.anaconda.org/conda-forge/noarch/connection_pool-0.0.3-pyhd3deb0d_0.tar.bz2#e270fff08907db8691c02a0eda8d38ae
https://conda.anaconda.org/conda-forge/noarch/dataclasses-0.8-pyhc8e2a94_3.tar.bz2#a362b2124b06aad102e2ee4581acee7d
https://conda.anaconda.org/conda-forge/noarch/decorator-5.1.1-pyhd8ed1ab_0.tar.bz2#43afe5ab04e35e17ba28649471dd7364
https://conda.anaconda.org/conda-forge/noarch/defusedxml-0.7.1-pyhd8ed1ab_0.tar.bz2#961b3a227b437d82ad7054484cfa71b2
https://conda.anaconda.org/conda-forge/noarch/filechunkio-1.8-py_2.tar.bz2#5e721173512c05bb5973ceb5616f8c03
https://conda.anaconda.org/conda-forge/noarch/filelock-3.8.0-pyhd8ed1ab_0.tar.bz2#10f0218dbd493ab2e5dc6759ddea4526
https://conda.anaconda.org/conda-forge/noarch/ftputil-5.0.4-pyhd8ed1ab_0.tar.bz2#83ae47fd5bd9306281db44d85d5813a5
https://conda.anaconda.org/conda-forge/win-64/grpc-cpp-1.48.1-h535cfc9_1.tar.bz2#623b7478c9fbbb845eaca66388277bf7
https://conda.anaconda.org/conda-forge/noarch/idna-3.4-pyhd8ed1ab_0.tar.bz2#34272b248891bddccc64479f9a7fffed
https://conda.anaconda.org/conda-forge/noarch/iniconfig-1.1.1-pyh9f0ad1d_0.tar.bz2#39161f81cc5e5ca45b8226fbb06c6905
https://conda.anaconda.org/conda-forge/noarch/jmespath-1.0.1-pyhd8ed1ab_0.tar.bz2#2cfa3e1cf3fb51bb9b17acc5b5e9ea11
https://conda.anaconda.org/conda-forge/win-64/libblas-3.9.0-16_win64_mkl.tar.bz2#d2e6f4e86cee2b4e8c27ff6884ccdc61
https://conda.anaconda.org/conda-forge/noarch/logmuse-0.2.6-pyh8c360ce_0.tar.bz2#58adb9b2a7f4b0622217868a532eeb95
https://conda.anaconda.org/conda-forge/win-64/m2w64-bzip2-1.0.6-6.tar.bz2#3ab4872b978c1c0bd97a925374966348
https://conda.anaconda.org/conda-forge/win-64/m2w64-fftw-3.3.4-6.tar.bz2#22b70744e9ca1fb4cf9cc28e31c2fcc9
https://conda.anaconda.org/conda-forge/win-64/m2w64-flac-1.3.1-3.tar.bz2#3a4cb4df0fbf3a71f0aa638945557609
https://conda.anaconda.org/conda-forge/win-64/m2w64-gettext-0.19.7-2.tar.bz2#cf4d7755fdf72b2d92c72f321a847cdd
https://conda.anaconda.org/conda-forge/win-64/m2w64-libjpeg-turbo-1.4.2-3.tar.bz2#c13e6bdf596a6418f1347d8f472739cb
https://conda.anaconda.org/conda-forge/win-64/m2w64-libvorbis-1.3.5-2.tar.bz2#f746dd6b436cabacaf7ef546d252f7e1
https://conda.anaconda.org/conda-forge/win-64/m2w64-speexdsp-1.2rc3-3.tar.bz2#5850c91ec7511b27b00d3cd6cc09f0b5
https://conda.anaconda.org/conda-forge/noarch/pkgutil-resolve-name-1.3.10-pyhd8ed1ab_0.tar.bz2#89e3c7cdde7d3aaa2aee933b604dd07f
https://conda.anaconda.org/conda-forge/noarch/plac-1.3.5-pyhd8ed1ab_0.tar.bz2#2a2a3d9ccee1a4c2530374e29add74bc
https://conda.anaconda.org/conda-forge/noarch/ply-3.11-py_1.tar.bz2#7205635cd71531943440fbfe3b6b5727
https://conda.anaconda.org/conda-forge/noarch/py-1.11.0-pyh6c4a22f_0.tar.bz2#b4613d7e7a493916d867842a6a148054
https://conda.anaconda.org/conda-forge/noarch/pyasn1-0.4.8-py_0.tar.bz2#06d04c9f8f72ac77911db942eda24fb9
https://conda.anaconda.org/conda-forge/noarch/pycparser-2.21-pyhd8ed1ab_0.tar.bz2#076becd9e05608f8dc72757d5f3a91ff
https://conda.anaconda.org/conda-forge/noarch/pyparsing-3.0.9-pyhd8ed1ab_0.tar.bz2#e8fbc1b54b25f4b08281467bc13b70cc
https://conda.anaconda.org/conda-forge/noarch/python-fastjsonschema-2.16.2-pyhd8ed1ab_0.tar.bz2#5fe4b6002f505336734ce92961b3e6a0
https://conda.anaconda.org/conda-forge/win-64/python_abi-3.10-2_cp310.tar.bz2#aaa900b98edb2e67106b461ff365ba57
https://conda.anaconda.org/conda-forge/noarch/pytz-2022.2.1-pyhd8ed1ab_0.tar.bz2#974bca71d00364630f63f31fa7e059cb
https://conda.anaconda.org/conda-forge/noarch/ratelimiter-1.2.0-py_1002.tar.bz2#a3326f1950c9a8e52a4b5817ba607caa
https://conda.anaconda.org/conda-forge/noarch/setuptools-65.3.0-pyhd8ed1ab_1.tar.bz2#a64c8af7be7a6348c1d9e530f88fa4da
https://conda.anaconda.org/conda-forge/noarch/six-1.16.0-pyh6c4a22f_0.tar.bz2#e5f25f8dbc060e9a8d912e432202afc2
https://conda.anaconda.org/conda-forge/noarch/smart_open-6.2.0-pyha770c72_0.tar.bz2#ccfd42222c14d1f485d8049958c2ed68
https://conda.anaconda.org/conda-forge/noarch/smmap-3.0.5-pyh44b312d_0.tar.bz2#3a8dc70789709aa315325d5df06fb7e4
https://conda.anaconda.org/conda-forge/noarch/tabulate-0.8.10-pyhd8ed1ab_0.tar.bz2#1bbdd3235d1acaac7502cf55de71f839
https://conda.anaconda.org/conda-forge/noarch/tomli-2.0.1-pyhd8ed1ab_0.tar.bz2#5844808ffab9ebdb694585b50ba02a96
https://conda.anaconda.org/conda-forge/noarch/toposort-1.7-pyhd8ed1ab_0.tar.bz2#ce711f7c322298edf8e7bd592a06b4b7
https://conda.anaconda.org/conda-forge/noarch/traitlets-5.4.0-pyhd8ed1ab_0.tar.bz2#ad0d721e61d0679d78902597b338a33b
https://conda.anaconda.org/conda-forge/noarch/typing_extensions-4.3.0-pyha770c72_0.tar.bz2#a9d85960bc62d53cc4ea0d1d27f73c98
https://conda.anaconda.org/conda-forge/noarch/uritemplate-4.1.1-pyhd8ed1ab_0.tar.bz2#0c4beeff1cbaba9b1a494c6b3dfc5bcc
https://conda.anaconda.org/conda-forge/noarch/wheel-0.37.1-pyhd8ed1ab_0.tar.bz2#1ca02aaf78d9c70d9a81a3bed5752022
https://conda.anaconda.org/conda-forge/noarch/zipp-3.8.1-pyhd8ed1ab_0.tar.bz2#a3508a0c850745b875de88aea4c40cc5
https://conda.anaconda.org/conda-forge/noarch/backports.functools_lru_cache-1.6.4-pyhd8ed1ab_0.tar.bz2#c5b3edc62d6309088f4970b3eaaa65a6
https://conda.anaconda.org/conda-forge/win-64/cffi-1.15.1-py310hcbf9ad4_0.tar.bz2#291e525e56b35d2ae277b592e08141a8
https://conda.anaconda.org/conda-forge/win-64/datrie-0.8.2-py310he2412df_3.tar.bz2#c04aa5d022a05cddb99cacb817aaf782
https://conda.anaconda.org/conda-forge/win-64/docutils-0.19-py310h5588dad_0.tar.bz2#0dbd0ad6a68b0e4bb5aef624209061ac
https://conda.anaconda.org/conda-forge/win-64/dpath-2.0.6-py310h5588dad_1.tar.bz2#d34542ed5cb72320147134d9c07550ea
https://conda.anaconda.org/conda-forge/win-64/frozenlist-1.3.1-py310he2412df_0.tar.bz2#c2096595bbb0c12540d3e44e699161c0
https://conda.anaconda.org/conda-forge/win-64/future-0.18.2-py310h5588dad_5.tar.bz2#8dd93f995ab30e813f50dc1727ae2367
https://conda.anaconda.org/conda-forge/noarch/gitdb-4.0.9-pyhd8ed1ab_0.tar.bz2#40fc6b14a45dee3a3fd9f302d026108e
https://conda.anaconda.org/conda-forge/win-64/grpcio-1.48.1-py310hd8b4215_1.tar.bz2#7ed46753d34d1747045757bde6d307fb
https://conda.anaconda.org/conda-forge/noarch/httplib2-0.20.4-pyhd8ed1ab_0.tar.bz2#3e95f321d7ea7811acf87c288c426095
https://conda.anaconda.org/conda-forge/win-64/importlib-metadata-4.11.4-py310h5588dad_0.tar.bz2#16ef54587496fadabd26ba48ff221750
https://conda.anaconda.org/conda-forge/noarch/importlib_resources-5.9.0-pyhd8ed1ab_0.tar.bz2#393a52ae5450ac981a0b67c8175d61fa
https://conda.anaconda.org/conda-forge/win-64/libcblas-3.9.0-16_win64_mkl.tar.bz2#14c2fb03b2bb14dfa3806186ca91d557
https://conda.anaconda.org/conda-forge/win-64/liblapack-3.9.0-16_win64_mkl.tar.bz2#be2f9d5712a5bb05cd900005ee752a05
https://conda.anaconda.org/conda-forge/win-64/m2w64-speex-1.2rc2-3.tar.bz2#f5827079b7562dfe40f67f8813fa2bff
https://conda.anaconda.org/conda-forge/win-64/m2w64-xz-5.2.2-2.tar.bz2#a5663c8daada7806ed83a77cf2ff6f4f
https://conda.anaconda.org/conda-forge/win-64/m2w64-zlib-1.2.8-10.tar.bz2#12b579f376a3215bebab449647d1203f
https://conda.anaconda.org/conda-forge/win-64/markupsafe-2.1.1-py310he2412df_1.tar.bz2#c33fd016ec3b4c3cb0e676fbd0b18953
https://conda.anaconda.org/conda-forge/win-64/multidict-6.0.2-py310he2412df_1.tar.bz2#f4f8ca59f4d431fc0d579a304dc5ec8f
https://conda.anaconda.org/conda-forge/noarch/packaging-21.3-pyhd8ed1ab_0.tar.bz2#71f1ab2de48613876becddd496371c85
https://conda.anaconda.org/conda-forge/noarch/pip-22.2.2-pyhd8ed1ab_0.tar.bz2#0b43abe4d3ee93e82742d37def53a836
https://conda.anaconda.org/conda-forge/win-64/pluggy-1.0.0-py310h5588dad_3.tar.bz2#48b66805d9d5b1d24fcb0d547471a0f0
https://conda.anaconda.org/conda-forge/win-64/protobuf-4.21.5-py310h00ffb61_1.tar.bz2#2f0cf67de611a01d8e5b70ead92d6fa0
https://conda.anaconda.org/conda-forge/win-64/psutil-5.9.2-py310h8d17308_0.tar.bz2#24a54e37628cbdb5e00eddddf42dfbef
https://conda.anaconda.org/conda-forge/noarch/pyasn1-modules-0.2.7-py_0.tar.bz2#ad1e886d09700b2304975335f714bd9c
https://conda.anaconda.org/conda-forge/noarch/pygments-2.13.0-pyhd8ed1ab_0.tar.bz2#9f478e8eedd301008b5f395bad0caaed
https://conda.anaconda.org/conda-forge/win-64/pyrsistent-0.18.1-py310he2412df_1.tar.bz2#c9f9ed13bf78eda29170ca3f146b030c
https://conda.anaconda.org/conda-forge/noarch/python-dateutil-2.8.2-pyhd8ed1ab_0.tar.bz2#dd999d1cc9f79e67dbb855c8924c7984
https://conda.anaconda.org/conda-forge/noarch/pyu2f-0.1.5-pyhd8ed1ab_0.tar.bz2#caabbeaa83928d0c3e3949261daa18eb
https://conda.anaconda.org/conda-forge/win-64/pywin32-303-py310he2412df_0.tar.bz2#e034f495e69b266fc082c92f75398f22
https://conda.anaconda.org/conda-forge/win-64/pyyaml-6.0-py310he2412df_4.tar.bz2#e1386e64a5e6d3ef30860a233ce8b371
https://conda.anaconda.org/conda-forge/noarch/retry-0.9.2-py_0.tar.bz2#b83b7289405e8aab02d1a72bc14506f8
https://conda.anaconda.org/conda-forge/noarch/rsa-4.9-pyhd8ed1ab_0.tar.bz2#03bf410858b2cefc267316408a77c436
https://conda.anaconda.org/conda-forge/noarch/stone-3.3.1-pyhd8ed1ab_0.tar.bz2#aa3301a0ebb3473e48544528dadf911e
https://conda.anaconda.org/conda-forge/noarch/stopit-1.1.2-py_0.tar.bz2#a07ae164291cd456aa3012f44654a950
https://conda.anaconda.org/conda-forge/noarch/typing-extensions-4.3.0-hd8ed1ab_0.tar.bz2#f3e98e944832fb271a0dbda7b7771dc6
https://conda.anaconda.org/conda-forge/win-64/win_inet_pton-1.1.0-py310h5588dad_4.tar.bz2#674aa7b17ab884a99afeec3547a03bb8
https://conda.anaconda.org/conda-forge/win-64/wrapt-1.14.1-py310he2412df_0.tar.bz2#ea8b2abbec6fcb57f67d1575dd46bb32
https://conda.anaconda.org/conda-forge/noarch/aiosignal-1.2.0-pyhd8ed1ab_0.tar.bz2#68c9a0ab410c72abd24cbaac57703519
https://conda.anaconda.org/conda-forge/noarch/amply-0.1.5-pyhd8ed1ab_0.tar.bz2#77d9fa71552d07696ba44d2fac4f3d28
https://conda.anaconda.org/conda-forge/noarch/async-timeout-4.0.2-pyhd8ed1ab_0.tar.bz2#25e79f9a1133556671becbd65a170c78
https://conda.anaconda.org/conda-forge/win-64/bcrypt-3.2.2-py310he2412df_0.tar.bz2#7bcdb51c0c6169c5637e5ada52324bc8
https://conda.anaconda.org/conda-forge/win-64/brotlipy-0.7.0-py310he2412df_1004.tar.bz2#6967391ab90fb96d3e75bf423012fa79
https://conda.anaconda.org/conda-forge/noarch/commonmark-0.9.1-py_0.tar.bz2#6aa0173c14befcd577ded130cf6f22f5
https://conda.anaconda.org/conda-forge/win-64/cryptography-37.0.4-py310ha857299_0.tar.bz2#5a5a9422f119a85b1c5d826d04fb703b
https://conda.anaconda.org/conda-forge/noarch/gitpython-3.1.27-pyhd8ed1ab_0.tar.bz2#20acbaab17a50ac9b64138eb9a0e1af8
https://conda.anaconda.org/conda-forge/win-64/google-crc32c-1.1.2-py310h728a4fc_3.tar.bz2#4f8c26b5dcf116bff51c67ba64f949d7
https://conda.anaconda.org/conda-forge/win-64/googleapis-common-protos-1.56.4-py310heb1253a_0.tar.bz2#f0411292ea95a42daf74667fc5573a07
https://conda.anaconda.org/conda-forge/noarch/jinja2-3.1.2-pyhd8ed1ab_1.tar.bz2#c8490ed5c70966d232fdd389d0dbed37
https://conda.anaconda.org/conda-forge/noarch/jsonschema-4.16.0-pyhd8ed1ab_0.tar.bz2#f39774717a77d98673ea29d28a586a84
https://conda.anaconda.org/conda-forge/win-64/jupyter_core-4.11.1-py310h5588dad_0.tar.bz2#f838f949952c61ae583417308218b8b8
https://conda.anaconda.org/conda-forge/win-64/m2w64-libpng-1.6.21-2.tar.bz2#97699ca33d38feb86c7105080e191bb1
https://conda.anaconda.org/conda-forge/win-64/m2w64-libsndfile-1.0.26-2.tar.bz2#081579f2a370699f70f2f1bcad5f8176
https://conda.anaconda.org/conda-forge/win-64/m2w64-libtiff-4.0.6-2.tar.bz2#669112ae52759168b8af135c40318f31
https://conda.anaconda.org/conda-forge/win-64/m2w64-libxml2-2.9.3-3.tar.bz2#3341b55d46e2347cf832e3c734e0e693
https://conda.anaconda.org/conda-forge/win-64/m2w64-pcre2-10.34-0.tar.bz2#f6ca05c091543bd4c526a2598fbf2467
https://conda.anaconda.org/conda-forge/win-64/m2w64-tcl-8.6.5-3.tar.bz2#0b1ac1d18d5c347f1c155065be099776
https://conda.anaconda.org/conda-forge/win-64/numpy-1.23.3-py310h4a8f9c9_0.tar.bz2#4acff43df7843a780735cf0836103dac
https://conda.anaconda.org/conda-forge/noarch/oauth2client-4.1.3-py_0.tar.bz2#aafb86ecdbfea40c909719e3a6c72a04
https://conda.anaconda.org/conda-forge/win-64/pynacl-1.5.0-py310h4f637d6_1.tar.bz2#fac16d11fc9e26998bc3657347c2c5aa
https://conda.anaconda.org/conda-forge/noarch/pysocks-1.7.1-pyh0701188_6.tar.bz2#56cd9fe388baac0e90c7149cfac95b60
https://conda.anaconda.org/conda-forge/win-64/pytest-7.1.3-py310h5588dad_0.tar.bz2#c58bea642ce1b33136150b26462d7d53
https://conda.anaconda.org/conda-forge/noarch/setuptools-scm-7.0.5-pyhd8ed1ab_0.tar.bz2#743074b7a216807886f7e8f6d497cceb
https://conda.anaconda.org/conda-forge/noarch/wcwidth-0.2.5-pyh9f0ad1d_2.tar.bz2#5266fcd697043c59621fda522b3d78ee
https://conda.anaconda.org/conda-forge/win-64/yarl-1.7.2-py310he2412df_2.tar.bz2#8513eaa29bee59df0dd5f51e8a847992
https://conda.anaconda.org/conda-forge/win-64/yte-1.5.1-py310h5588dad_0.tar.bz2#64a0c9544a65bbf93d8f95b49e069a74
https://conda.anaconda.org/conda-forge/win-64/aiohttp-3.8.1-py310he2412df_1.tar.bz2#64e01f0946f58fd10254d582f08abcc0
https://conda.anaconda.org/conda-forge/noarch/google-resumable-media-2.3.3-pyhd8ed1ab_0.tar.bz2#6a110581a8267aad65145c2fe3bc7d7c
https://conda.anaconda.org/conda-forge/win-64/m2w64-tk-8.6.5-3.tar.bz2#c2d85c85caf655893ea11b92c395b3b6
https://conda.anaconda.org/conda-forge/noarch/nbformat-5.5.0-pyhd8ed1ab_0.tar.bz2#925081aef2f4e9ee5b89bba04ba9271b
https://conda.anaconda.org/conda-forge/win-64/pandas-1.5.0-py310h1c4a608_0.tar.bz2#cadb7df6bc607436047c856a688eab1b
https://conda.anaconda.org/conda-forge/noarch/paramiko-2.11.0-pyhd8ed1ab_0.tar.bz2#74a35060bbae98fbf7cfeaba2336152f
https://conda.anaconda.org/conda-forge/noarch/prettytable-3.4.1-pyhd8ed1ab_0.tar.bz2#3f617df7fb94c7069084370e00e2bfd3
https://conda.anaconda.org/conda-forge/win-64/pulp-2.6.0-py310h5588dad_1.tar.bz2#117672bda64ab491d91cb4b84d7f71ff
https://conda.anaconda.org/conda-forge/noarch/pyopenssl-22.0.0-pyhd8ed1ab_0.tar.bz2#1d7e241dfaf5475e893d4b824bb71b44
https://conda.anaconda.org/conda-forge/noarch/rich-12.5.1-pyhd8ed1ab_0.tar.bz2#2df309771bb9941c60bb1d110b29ed4a
https://conda.anaconda.org/conda-forge/win-64/scipy-1.9.1-py310h578b7cb_0.tar.bz2#8d710236ffaf32ea87f9abc3ef82b83b
https://conda.anaconda.org/conda-forge/noarch/veracitools-0.1.3-py_0.tar.bz2#f2c8d44ea78cf639ab4810aedba43ab5
https://conda.anaconda.org/conda-forge/noarch/aioeasywebdav-2.4.0-pyha770c72_0.tar.bz2#dd5bf8931da06c21f9ea03e9621acfc7
https://conda.anaconda.org/conda-forge/win-64/m2w64-bwidget-1.9.10-2.tar.bz2#a7a80ba7117dfb47f0ae148292e1f536
https://conda.anaconda.org/conda-forge/win-64/m2w64-tktable-2.10-5.tar.bz2#35f1284fc2839897b248f1a751b842e6
https://conda.anaconda.org/conda-forge/noarch/pysftp-0.2.9-py_1.tar.bz2#3172621a36e00ef8711a393784d8fa7f
https://conda.anaconda.org/conda-forge/noarch/python-irodsclient-1.1.4-pyhd8ed1ab_0.tar.bz2#1dfb6225ec2829ff8facd8ea8b86f0aa
https://conda.anaconda.org/conda-forge/noarch/ubiquerg-0.6.2-pyhd8ed1ab_0.tar.bz2#bac4db8c74dddfca4a9c38be23de50db
https://conda.anaconda.org/conda-forge/noarch/urllib3-1.26.11-pyhd8ed1ab_0.tar.bz2#0738978569b10669bdef41c671252dd1
https://conda.anaconda.org/conda-forge/noarch/attmap-0.13.2-pyhd8ed1ab_0.tar.bz2#f7e348eb6bd53f544fd7cde87a7ba3c8
https://conda.anaconda.org/conda-forge/noarch/botocore-1.27.77-pyhd8ed1ab_0.tar.bz2#5c3eaae0f18ad9ea2afcc53eaf15c3cc
https://conda.anaconda.org/conda-forge/win-64/r-base-4.1.3-hddad469_1.tar.bz2#b038f35b2c87af76040e78cd0bb51921
https://conda.anaconda.org/conda-forge/noarch/requests-2.28.1-pyhd8ed1ab_1.tar.bz2#089382ee0e2dc2eae33a04cc3c2bddb0
https://conda.anaconda.org/conda-forge/noarch/dropbox-11.34.0-pyhd8ed1ab_0.tar.bz2#6cd11a7b46e8ff97736100afd678dfb4
https://conda.anaconda.org/conda-forge/noarch/google-auth-2.11.0-pyh6c4a22f_0.tar.bz2#5e11123fb6558cf608ad713948e9de8d
https://conda.anaconda.org/conda-forge/noarch/peppy-0.35.2-pyhd8ed1ab_0.tar.bz2#fb6171f1239b43c473d7ddff875c42cc
https://conda.anaconda.org/conda-forge/noarch/s3transfer-0.6.0-pyhd8ed1ab_0.tar.bz2#900e74d8547fbea3af028937df28ed77
https://conda.anaconda.org/conda-forge/noarch/slacker-0.14.0-py_0.tar.bz2#ea6b3b3b8babd487cdbcccb7f42c2ccf
https://conda.anaconda.org/bioconda/noarch/snakemake-minimal-7.14.0-pyhdfd78af_0.tar.bz2#b70fd383adc8ba0dac87c23d0c72bab4
https://conda.anaconda.org/conda-forge/noarch/boto3-1.24.77-pyhd8ed1ab_0.tar.bz2#12f87add7ec1f103352bb687d29d5340
https://conda.anaconda.org/conda-forge/noarch/google-api-core-2.10.1-pyhd8ed1ab_0.tar.bz2#caed5d4324d942b4b8d33e95e5a58571
https://conda.anaconda.org/conda-forge/noarch/google-auth-httplib2-0.1.0-pyhd8ed1ab_1.tar.bz2#829c632fd23d1d4dd0adeb461a4e6a13
https://conda.anaconda.org/conda-forge/noarch/google-api-python-client-2.62.0-pyhd8ed1ab_0.tar.bz2#c2e9e86f4ae56c3c0841945268bc73e1
https://conda.anaconda.org/conda-forge/noarch/google-cloud-core-2.3.2-pyhd8ed1ab_0.tar.bz2#7a590deea6b9b082c6a24e18c3c83dc9
https://conda.anaconda.org/conda-forge/noarch/google-cloud-storage-2.5.0-pyh6c4a22f_0.tar.bz2#cd6cb0e91447cd908315cfdafad84a0e
https://conda.anaconda.org/bioconda/noarch/snakemake-7.14.0-hdfd78af_0.tar.bz2#ef63e5d990a3826ecaa7ab12e3c34876
