# This file may be used to create an environment using:
# $ conda create --name <env> --file <this file>
# platform: linux-64
@EXPLICIT
https://conda.anaconda.org/conda-forge/linux-64/_libgcc_mutex-0.1-conda_forge.tar.bz2#d7c89558ba9fa0495403155b64376d81
https://conda.anaconda.org/conda-forge/noarch/_r-mutex-1.0.1-anacondar_1.tar.bz2#19f9db5f4f1b7f5ef5f6d67207f25f38
https://conda.anaconda.org/conda-forge/linux-64/ca-certificates-2022.5.18.1-ha878542_0.tar.bz2#352e93bbe1d604002b11bbcf425bf866
https://conda.anaconda.org/conda-forge/noarch/font-ttf-dejavu-sans-mono-2.37-hab24e00_0.tar.bz2#0c96522c6bdaed4b1566d11387caaf45
https://conda.anaconda.org/conda-forge/noarch/font-ttf-inconsolata-3.000-h77eed37_0.tar.bz2#34893075a5c9e55cdafac56607368fc6
https://conda.anaconda.org/conda-forge/noarch/font-ttf-source-code-pro-2.038-h77eed37_0.tar.bz2#4d59c254e01d9cde7957100457e2d5fb
https://conda.anaconda.org/conda-forge/noarch/font-ttf-ubuntu-0.83-hab24e00_0.tar.bz2#19410c3df09dfb12d1206132a1d357c5
https://conda.anaconda.org/conda-forge/noarch/kernel-headers_linux-64-2.6.32-he073ed8_15.tar.bz2#5dd5127afd710f91f6a75821bac0a4f0
https://conda.anaconda.org/conda-forge/linux-64/ld_impl_linux-64-2.36.1-hea4e1c9_2.tar.bz2#bd4f2e711b39af170e7ff15163fe87ee
https://conda.anaconda.org/conda-forge/linux-64/libgcc-devel_linux-64-10.3.0-he6cfe16_16.tar.bz2#878a30aba0574e69bd920c55f243aa06
https://conda.anaconda.org/conda-forge/linux-64/libgfortran5-12.1.0-hdcd56e2_16.tar.bz2#b02605b875559ff99f04351fd5040760
https://conda.anaconda.org/conda-forge/linux-64/libstdcxx-devel_linux-64-10.3.0-he6cfe16_16.tar.bz2#baae55f62968547a3731cb668736f611
https://conda.anaconda.org/conda-forge/linux-64/libstdcxx-ng-12.1.0-ha89aaad_16.tar.bz2#6f5ba041a41eb102a1027d9e68731be7
https://conda.anaconda.org/conda-forge/noarch/tzdata-2022a-h191b570_0.tar.bz2#84be5301069417a2221187d2f435e0f7
https://conda.anaconda.org/conda-forge/noarch/fonts-conda-forge-1-0.tar.bz2#f766549260d6815b0c52253f1fb1bb29
https://conda.anaconda.org/conda-forge/linux-64/libgfortran-ng-12.1.0-h69a702a_16.tar.bz2#6bf15e29a20f614b18ae89368260d0a2
https://conda.anaconda.org/conda-forge/linux-64/libgomp-12.1.0-h8d9b700_16.tar.bz2#f013cf7749536ce43d82afbffdf499ab
https://conda.anaconda.org/conda-forge/noarch/sysroot_linux-64-2.12-he073ed8_15.tar.bz2#66c192522eacf5bb763568b4e415d133
https://conda.anaconda.org/conda-forge/linux-64/_openmp_mutex-4.5-2_gnu.tar.bz2#73aaf86a425cc6e73fcf236a5a46396d
https://conda.anaconda.org/conda-forge/linux-64/binutils_impl_linux-64-2.36.1-h193b22a_2.tar.bz2#32aae4265554a47ea77f7c09f86aeb3b
https://conda.anaconda.org/conda-forge/noarch/fonts-conda-ecosystem-1-0.tar.bz2#fee5683a3f04bd15cbd8318b096a27ab
https://conda.anaconda.org/conda-forge/linux-64/binutils_linux-64-2.36-hf3e587d_10.tar.bz2#9d5cdbfe24b182d4c749b86d500ac9d2
https://conda.anaconda.org/conda-forge/linux-64/libgcc-ng-12.1.0-h8d9b700_16.tar.bz2#4f05bc9844f7c101e6e147dab3c88d5c
https://conda.anaconda.org/conda-forge/linux-64/bzip2-1.0.8-h7f98852_4.tar.bz2#a1fd65c7ccbf10880423d82bca54eb54
https://conda.anaconda.org/conda-forge/linux-64/c-ares-1.18.1-h7f98852_0.tar.bz2#f26ef8098fab1f719c91eb760d63381a
https://conda.anaconda.org/conda-forge/linux-64/expat-2.4.8-h27087fc_0.tar.bz2#e1b07832504eeba765d648389cc387a9
https://conda.anaconda.org/conda-forge/linux-64/fribidi-1.0.10-h36c2ea0_0.tar.bz2#ac7bc6a654f8f41b352b38f4051135f8
https://conda.anaconda.org/conda-forge/linux-64/graphite2-1.3.13-h58526e2_1001.tar.bz2#8c54672728e8ec6aa6db90cf2806d220
https://conda.anaconda.org/conda-forge/linux-64/icu-70.1-h27087fc_0.tar.bz2#87473a15119779e021c314249d4b4aed
https://conda.anaconda.org/conda-forge/linux-64/jpeg-9e-h166bdaf_1.tar.bz2#4828c7f7208321cfbede4880463f4930
https://conda.anaconda.org/conda-forge/linux-64/keyutils-1.6.1-h166bdaf_0.tar.bz2#30186d27e2c9fa62b45fb1476b7200e3
https://conda.anaconda.org/conda-forge/linux-64/lerc-3.0-h9c3ff4c_0.tar.bz2#7fcefde484980d23f0ec24c11e314d2e
https://conda.anaconda.org/conda-forge/linux-64/libcrc32c-1.1.2-h9c3ff4c_0.tar.bz2#c965a5aa0d5c1c37ffc62dff36e28400
https://conda.anaconda.org/conda-forge/linux-64/libdeflate-1.10-h7f98852_0.tar.bz2#ffa3a757a97e851293909b49f49f28fb
https://conda.anaconda.org/conda-forge/linux-64/libev-4.33-h516909a_1.tar.bz2#6f8720dff19e17ce5d48cfe7f3d2f0a3
https://conda.anaconda.org/conda-forge/linux-64/libffi-3.4.2-h7f98852_5.tar.bz2#d645c6d2ac96843a2bfaccd2d62b3ac3
https://conda.anaconda.org/conda-forge/linux-64/libiconv-1.16-h516909a_0.tar.bz2#5c0f338a513a2943c659ae619fca9211
https://conda.anaconda.org/conda-forge/linux-64/libnsl-2.0.0-h7f98852_0.tar.bz2#39b1328babf85c7c3a61636d9cd50206
https://conda.anaconda.org/conda-forge/linux-64/libopenblas-0.3.20-pthreads_h78a6416_0.tar.bz2#9b6d0781953c9e353faee494336cc229
https://conda.anaconda.org/conda-forge/linux-64/libsanitizer-10.3.0-h26c7422_16.tar.bz2#4076c395c7fa53cd708949e4be48154e
https://conda.anaconda.org/conda-forge/linux-64/libsodium-1.0.18-h36c2ea0_1.tar.bz2#c3788462a6fbddafdb413a9f9053e58d
https://conda.anaconda.org/conda-forge/linux-64/libuuid-2.32.1-h7f98852_1000.tar.bz2#772d69f030955d9646d3d0eaf21d859d
https://conda.anaconda.org/conda-forge/linux-64/libwebp-base-1.2.2-h7f98852_1.tar.bz2#46cf26ecc8775a0aab300ea1821aaa3c
https://conda.anaconda.org/conda-forge/linux-64/libzlib-1.2.12-h166bdaf_0.tar.bz2#6c06394781511bdc3c37512ed7b16730
https://conda.anaconda.org/conda-forge/linux-64/lz4-c-1.9.3-h9c3ff4c_1.tar.bz2#fbe97e8fa6f275d7c76a09e795adc3e6
https://conda.anaconda.org/conda-forge/linux-64/make-4.3-hd18ef5c_1.tar.bz2#4049ebfd3190b580dffe76daed26155a
https://conda.anaconda.org/conda-forge/linux-64/ncurses-6.3-h27087fc_1.tar.bz2#4acfc691e64342b9dae57cf2adc63238
https://conda.anaconda.org/conda-forge/linux-64/openssl-1.1.1o-h166bdaf_0.tar.bz2#6172048796b123e542945d998f5150b7
https://conda.anaconda.org/conda-forge/linux-64/pcre-8.45-h9c3ff4c_0.tar.bz2#c05d1820a6d34ff07aaaab7a9b7eddaa
https://conda.anaconda.org/conda-forge/linux-64/pixman-0.40.0-h36c2ea0_0.tar.bz2#660e72c82f2e75a6b3fe6a6e75c79f19
https://conda.anaconda.org/conda-forge/linux-64/pthread-stubs-0.4-h36c2ea0_1001.tar.bz2#22dad4df6e8630e8dff2428f6f6a7036
https://conda.anaconda.org/conda-forge/linux-64/sed-4.8-he412f7d_0.tar.bz2#7362f0042e95681f5d371c46c83ebd08
https://conda.anaconda.org/conda-forge/linux-64/xorg-kbproto-1.0.7-h7f98852_1002.tar.bz2#4b230e8381279d76131116660f5a241a
https://conda.anaconda.org/conda-forge/linux-64/xorg-libice-1.0.10-h7f98852_0.tar.bz2#d6b0b50b49eccfe0be0373be628be0f3
https://conda.anaconda.org/conda-forge/linux-64/xorg-libxau-1.0.9-h7f98852_0.tar.bz2#bf6f803a544f26ebbdc3bfff272eb179
https://conda.anaconda.org/conda-forge/linux-64/xorg-libxdmcp-1.1.3-h7f98852_0.tar.bz2#be93aabceefa2fac576e971aef407908
https://conda.anaconda.org/conda-forge/linux-64/xorg-renderproto-0.11.1-h7f98852_1002.tar.bz2#06feff3d2634e3097ce2fe681474b534
https://conda.anaconda.org/conda-forge/linux-64/xorg-xextproto-7.3.0-h7f98852_1002.tar.bz2#1e15f6ad85a7d743a2ac68dae6c82b98
https://conda.anaconda.org/conda-forge/linux-64/xorg-xproto-7.0.31-h7f98852_1007.tar.bz2#b4a4381d54784606820704f7b5f05a15
https://conda.anaconda.org/conda-forge/linux-64/xz-5.2.5-h516909a_1.tar.bz2#33f601066901f3e1a85af3522a8113f9
https://conda.anaconda.org/conda-forge/linux-64/yaml-0.2.5-h7f98852_2.tar.bz2#4cb3ad778ec2d5a7acbdf254eb1c42ae
https://conda.anaconda.org/conda-forge/linux-64/gcc_impl_linux-64-10.3.0-hf2f2afa_16.tar.bz2#a340c8ce9e702836e999984fcabd1b6e
https://conda.anaconda.org/conda-forge/linux-64/gettext-0.19.8.1-h73d1719_1008.tar.bz2#af49250eca8e139378f8ff0ae9e57251
https://conda.anaconda.org/conda-forge/linux-64/libblas-3.9.0-15_linux64_openblas.tar.bz2#04eb983975a1be3e57d6d667414cd774
https://conda.anaconda.org/conda-forge/linux-64/libedit-3.1.20191231-he28a2e2_2.tar.bz2#4d331e44109e3f0e19b4cb8f9b82f3e1
https://conda.anaconda.org/conda-forge/linux-64/libxcb-1.13-h7f98852_1004.tar.bz2#b3653fdc58d03face9724f602218a904
https://conda.anaconda.org/conda-forge/linux-64/readline-8.1-h46c0cb4_0.tar.bz2#5788de3c8d7a7d64ac56c784c4ef48e6
https://conda.anaconda.org/conda-forge/linux-64/tk-8.6.12-h27826a3_0.tar.bz2#5b8c42eb62e9fc961af70bdd6a26e168
https://conda.anaconda.org/conda-forge/linux-64/xorg-libsm-1.2.3-hd9c2040_1000.tar.bz2#9e856f78d5c80d5a78f61e72d1d473a3
https://conda.anaconda.org/conda-forge/linux-64/zlib-1.2.12-h166bdaf_0.tar.bz2#c6b89248778ae9a05320f19eb212ad90
https://conda.anaconda.org/conda-forge/linux-64/zstd-1.5.2-h8a70e8d_1.tar.bz2#3db63b53bb194dbaa7dc3d8833e98da2
https://conda.anaconda.org/conda-forge/linux-64/bwidget-1.9.14-ha770c72_1.tar.bz2#5746d6202ba2abad4a4707f2a2462795
https://conda.anaconda.org/conda-forge/linux-64/gcc_linux-64-10.3.0-hc39de41_10.tar.bz2#6e52c54509389c06f88ea74c137f75be
https://conda.anaconda.org/conda-forge/linux-64/gfortran_impl_linux-64-10.3.0-h73f4979_16.tar.bz2#0407b066da49b4562ce054c06b40558c
https://conda.anaconda.org/conda-forge/linux-64/gxx_impl_linux-64-10.3.0-hf2f2afa_16.tar.bz2#f825336ce3d4dba77ffd1edc78e7abf9
https://conda.anaconda.org/conda-forge/linux-64/krb5-1.19.3-h3790be6_0.tar.bz2#7d862b05445123144bec92cb1acc8ef8
https://conda.anaconda.org/conda-forge/linux-64/libcblas-3.9.0-15_linux64_openblas.tar.bz2#f45968428e445fd0c6472b561145812a
https://conda.anaconda.org/conda-forge/linux-64/libglib-2.70.2-h174f98d_4.tar.bz2#d44314ffae96b17657fbf3f8e47b04fc
https://conda.anaconda.org/conda-forge/linux-64/liblapack-3.9.0-15_linux64_openblas.tar.bz2#b7078220384b8bf8db1a45e66412ac4f
https://conda.anaconda.org/conda-forge/linux-64/libnghttp2-1.47.0-h727a467_0.tar.bz2#a22567abfea169ff8048506b1ca9b230
https://conda.anaconda.org/conda-forge/linux-64/libpng-1.6.37-h21135ba_2.tar.bz2#b6acf807307d033d4b7e758b4f44b036
https://conda.anaconda.org/conda-forge/linux-64/libprotobuf-3.20.1-h6239696_0.tar.bz2#21c9de21934a18e094fc6534d787581e
https://conda.anaconda.org/conda-forge/linux-64/libssh2-1.10.0-ha56f1ee_2.tar.bz2#6ab4eaa11ff01801cffca0a27489dc04
https://conda.anaconda.org/conda-forge/linux-64/libtiff-4.4.0-h0fcbabc_0.tar.bz2#3c343938f969d6434bb648119d576c0f
https://conda.anaconda.org/conda-forge/linux-64/libxml2-2.9.14-h22db469_0.tar.bz2#7d623237b73d93dd856b5dd0f5fedd6b
https://conda.anaconda.org/conda-forge/linux-64/pcre2-10.37-h032f7d1_0.tar.bz2#6469e4602e914febe6f057ad2271a54e
https://conda.anaconda.org/conda-forge/linux-64/sqlite-3.38.5-h4ff8645_0.tar.bz2#a1448f0c31baec3946d2dcf09f905c9e
https://conda.anaconda.org/conda-forge/linux-64/tktable-2.10-hb7b940f_3.tar.bz2#ea4d0879e40211fa26f38d8986db1bbe
https://conda.anaconda.org/conda-forge/linux-64/xorg-libx11-1.7.2-h7f98852_0.tar.bz2#12a61e640b8894504326aadafccbb790
https://conda.anaconda.org/conda-forge/linux-64/freetype-2.10.4-h0708190_1.tar.bz2#4a06f2ac2e5bfae7b6b245171c3f07aa
https://conda.anaconda.org/conda-forge/linux-64/gfortran_linux-64-10.3.0-hb09a455_10.tar.bz2#dd9058b625a6edce185db90cf99e3590
https://conda.anaconda.org/conda-forge/linux-64/gsl-2.7-he838d99_0.tar.bz2#fec079ba39c9cca093bf4c00001825de
https://conda.anaconda.org/conda-forge/linux-64/gxx_linux-64-10.3.0-h2593f52_10.tar.bz2#075de70ba0493c56ed9e9cda930978ce
https://conda.anaconda.org/conda-forge/linux-64/libcurl-7.83.1-h7bff187_0.tar.bz2#d0c278476dba3b29ee13203784672ab1
https://conda.anaconda.org/conda-forge/linux-64/liblapacke-3.9.0-15_linux64_openblas.tar.bz2#31f21773a784f59962ea542a3d71ad87
https://conda.anaconda.org/conda-forge/linux-64/python-3.10.4-h9a8a25e_0_cpython.tar.bz2#4c6ebd5ba5e606f77a58154b37d96851
https://conda.anaconda.org/conda-forge/linux-64/xorg-libxext-1.3.4-h7f98852_1.tar.bz2#536cc5db4d0a3ba0630541aec064b5e4
https://conda.anaconda.org/conda-forge/linux-64/xorg-libxrender-0.9.10-h7f98852_1003.tar.bz2#f59c1242cc1dd93e72c2ee2b360979eb
https://conda.anaconda.org/conda-forge/linux-64/xorg-libxt-1.2.1-h7f98852_2.tar.bz2#60d6eec5273f1c9af096c10c268912e3
https://conda.anaconda.org/conda-forge/noarch/appdirs-1.4.4-pyh9f0ad1d_0.tar.bz2#5f095bc6454094e96f146491fd03633b
https://conda.anaconda.org/conda-forge/noarch/attrs-21.4.0-pyhd8ed1ab_0.tar.bz2#f70280205d7044c8b8358c8de3190e5d
https://conda.anaconda.org/conda-forge/noarch/backports-1.0-py_2.tar.bz2#0da16b293affa6ac31812376f8eb79dd
https://conda.anaconda.org/conda-forge/noarch/cachetools-5.0.0-pyhd8ed1ab_0.tar.bz2#fadf619797a005b4aacbfc3003d80545
https://conda.anaconda.org/conda-forge/noarch/charset-normalizer-2.0.12-pyhd8ed1ab_0.tar.bz2#1f5b32dabae0f1893ae3283dac7f799e
https://conda.anaconda.org/conda-forge/linux-64/coin-or-utils-2.11.6-h573740c_0.tar.bz2#e26d324405693188799dd45a9f73ec22
https://conda.anaconda.org/conda-forge/noarch/configargparse-1.5.3-pyhd8ed1ab_0.tar.bz2#318b72c3c2dfca9aebdbaf258609d02d
https://conda.anaconda.org/conda-forge/noarch/connection_pool-0.0.3-pyhd3deb0d_0.tar.bz2#e270fff08907db8691c02a0eda8d38ae
https://conda.anaconda.org/conda-forge/linux-64/curl-7.83.1-h7bff187_0.tar.bz2#ba33b9995f5e691e4f439422d6efafc7
https://conda.anaconda.org/conda-forge/noarch/decorator-5.1.1-pyhd8ed1ab_0.tar.bz2#43afe5ab04e35e17ba28649471dd7364
https://conda.anaconda.org/conda-forge/noarch/defusedxml-0.7.1-pyhd8ed1ab_0.tar.bz2#961b3a227b437d82ad7054484cfa71b2
https://conda.anaconda.org/conda-forge/noarch/filechunkio-1.8-py_2.tar.bz2#5e721173512c05bb5973ceb5616f8c03
https://conda.anaconda.org/conda-forge/noarch/filelock-3.7.1-pyhd8ed1ab_0.tar.bz2#7556872687250e0ea038eb503da3c44b
https://conda.anaconda.org/conda-forge/linux-64/fontconfig-2.14.0-h8e229c2_0.tar.bz2#f314f79031fec74adc9bff50fbaffd89
https://conda.anaconda.org/conda-forge/noarch/ftputil-5.0.4-pyhd8ed1ab_0.tar.bz2#83ae47fd5bd9306281db44d85d5813a5
https://conda.anaconda.org/conda-forge/noarch/idna-3.3-pyhd8ed1ab_0.tar.bz2#40b50b8b030f5f2f22085c062ed013dd
https://conda.anaconda.org/conda-forge/noarch/iniconfig-1.1.1-pyh9f0ad1d_0.tar.bz2#39161f81cc5e5ca45b8226fbb06c6905
https://conda.anaconda.org/conda-forge/noarch/jmespath-1.0.0-pyhd8ed1ab_0.tar.bz2#e2beb2421b23e07feb2fd89e87cb512c
https://conda.anaconda.org/conda-forge/noarch/logmuse-0.2.6-pyh8c360ce_0.tar.bz2#58adb9b2a7f4b0622217868a532eeb95
https://conda.anaconda.org/conda-forge/noarch/plac-1.3.5-pyhd8ed1ab_0.tar.bz2#2a2a3d9ccee1a4c2530374e29add74bc
https://conda.anaconda.org/conda-forge/noarch/ply-3.11-py_1.tar.bz2#7205635cd71531943440fbfe3b6b5727
https://conda.anaconda.org/conda-forge/noarch/py-1.11.0-pyh6c4a22f_0.tar.bz2#b4613d7e7a493916d867842a6a148054
https://conda.anaconda.org/conda-forge/noarch/pyasn1-0.4.8-py_0.tar.bz2#06d04c9f8f72ac77911db942eda24fb9
https://conda.anaconda.org/conda-forge/noarch/pycparser-2.21-pyhd8ed1ab_0.tar.bz2#076becd9e05608f8dc72757d5f3a91ff
https://conda.anaconda.org/conda-forge/noarch/pyparsing-3.0.9-pyhd8ed1ab_0.tar.bz2#e8fbc1b54b25f4b08281467bc13b70cc
https://conda.anaconda.org/conda-forge/noarch/python-fastjsonschema-2.15.3-pyhd8ed1ab_0.tar.bz2#fae309d1cc996da1f63de9d321e65e27
https://conda.anaconda.org/conda-forge/linux-64/python_abi-3.10-2_cp310.tar.bz2#9e7160cd0d865e98f6803f1fe15c8b61
https://conda.anaconda.org/conda-forge/noarch/pytz-2022.1-pyhd8ed1ab_0.tar.bz2#b87d66d6d3991d988fb31510c95a9267
https://conda.anaconda.org/conda-forge/noarch/ratelimiter-1.2.0-py_1002.tar.bz2#a3326f1950c9a8e52a4b5817ba607caa
https://conda.anaconda.org/conda-forge/noarch/six-1.16.0-pyh6c4a22f_0.tar.bz2#e5f25f8dbc060e9a8d912e432202afc2
https://conda.anaconda.org/conda-forge/noarch/smart_open-6.0.0-pyhd8ed1ab_0.tar.bz2#5d40e4815020f694fc338f4ad04bf648
https://conda.anaconda.org/conda-forge/noarch/smmap-3.0.5-pyh44b312d_0.tar.bz2#3a8dc70789709aa315325d5df06fb7e4
https://conda.anaconda.org/conda-forge/noarch/tabulate-0.8.9-pyhd8ed1ab_0.tar.bz2#ee657dbe69e892aeccde7cabb4edf261
https://conda.anaconda.org/conda-forge/noarch/tomli-2.0.1-pyhd8ed1ab_0.tar.bz2#5844808ffab9ebdb694585b50ba02a96
https://conda.anaconda.org/conda-forge/noarch/toposort-1.7-pyhd8ed1ab_0.tar.bz2#ce711f7c322298edf8e7bd592a06b4b7
https://conda.anaconda.org/conda-forge/noarch/traitlets-5.2.2.post1-pyhd8ed1ab_0.tar.bz2#2b06b17ee111c3df688affbe3964a3b3
https://conda.anaconda.org/conda-forge/noarch/typing_extensions-4.2.0-pyha770c72_1.tar.bz2#f0f7e024f94e23d3bfee0ab777bf335a
https://conda.anaconda.org/conda-forge/noarch/uritemplate-4.1.1-pyhd8ed1ab_0.tar.bz2#0c4beeff1cbaba9b1a494c6b3dfc5bcc
https://conda.anaconda.org/conda-forge/noarch/wheel-0.37.1-pyhd8ed1ab_0.tar.bz2#1ca02aaf78d9c70d9a81a3bed5752022
https://conda.anaconda.org/conda-forge/noarch/zipp-3.8.0-pyhd8ed1ab_0.tar.bz2#050b94cf4a8c760656e51d2d44e4632c
https://conda.anaconda.org/conda-forge/linux-64/cairo-1.16.0-ha61ee94_1011.tar.bz2#0b53c7f7af13244374ef7226bac3f843
https://conda.anaconda.org/conda-forge/linux-64/certifi-2022.5.18.1-py310hff52083_0.tar.bz2#cfdf8a8dda4e471ecdb196c0f34a85e0
https://conda.anaconda.org/conda-forge/linux-64/cffi-1.15.0-py310h0fdd8cc_0.tar.bz2#7b7366be82277a5a210e48cc6d25ce26
https://conda.anaconda.org/conda-forge/linux-64/coin-or-osi-0.108.7-h3b589db_0.tar.bz2#2a0c2222433897fedccaef80507cb6f3
https://conda.anaconda.org/conda-forge/linux-64/datrie-0.8.2-py310h6acc77f_3.tar.bz2#5692206ea81442d3a599577ff41b6b24
https://conda.anaconda.org/conda-forge/linux-64/docutils-0.18.1-py310hff52083_1.tar.bz2#6405f87c427cdbc25b6b6a21bd6bfc2a
https://conda.anaconda.org/conda-forge/linux-64/dpath-2.0.6-py310hff52083_1.tar.bz2#772b314c221b3172fa2a15535300379e
https://conda.anaconda.org/conda-forge/linux-64/frozenlist-1.3.0-py310h5764c6d_1.tar.bz2#c603d7207e9f05deb4b25cf561f4ac84
https://conda.anaconda.org/conda-forge/noarch/gitdb-4.0.9-pyhd8ed1ab_0.tar.bz2#40fc6b14a45dee3a3fd9f302d026108e
https://conda.anaconda.org/conda-forge/noarch/httplib2-0.20.4-pyhd8ed1ab_0.tar.bz2#3e95f321d7ea7811acf87c288c426095
https://conda.anaconda.org/conda-forge/linux-64/importlib-metadata-4.11.4-py310hff52083_0.tar.bz2#8ea386e64531f1ecf4a5765181579e7e
https://conda.anaconda.org/conda-forge/noarch/importlib_resources-5.7.1-pyhd8ed1ab_1.tar.bz2#56567286f9f9716bea44fe9301e1b34d
https://conda.anaconda.org/conda-forge/linux-64/jupyter_core-4.10.0-py310hff52083_0.tar.bz2#c3b2ddcd2541c2f41bf9fb56d184da56
https://conda.anaconda.org/conda-forge/linux-64/markupsafe-2.1.1-py310h5764c6d_1.tar.bz2#ec5a727504409ad1380fc2a84f83d002
https://conda.anaconda.org/conda-forge/linux-64/multidict-6.0.2-py310h5764c6d_1.tar.bz2#3dc4436d49fd2eff029b849dc2aab834
https://conda.anaconda.org/conda-forge/linux-64/numpy-1.22.4-py310h4ef5377_0.tar.bz2#a97b04c2d88d24d4a25fd9c069189281
https://conda.anaconda.org/conda-forge/noarch/packaging-21.3-pyhd8ed1ab_0.tar.bz2#71f1ab2de48613876becddd496371c85
https://conda.anaconda.org/conda-forge/linux-64/pluggy-1.0.0-py310hff52083_3.tar.bz2#97f9a22577338f91a94dfac5c1a65a50
https://conda.anaconda.org/conda-forge/linux-64/psutil-5.9.1-py310h5764c6d_0.tar.bz2#eb3be71bc11a51ff49b6a0af9968f0ed
https://conda.anaconda.org/conda-forge/noarch/pyasn1-modules-0.2.7-py_0.tar.bz2#ad1e886d09700b2304975335f714bd9c
https://conda.anaconda.org/conda-forge/linux-64/pyrsistent-0.18.1-py310h5764c6d_1.tar.bz2#d6bf97f14e0cc9d2024cf66b11bb79b8
https://conda.anaconda.org/conda-forge/linux-64/pysocks-1.7.1-py310hff52083_5.tar.bz2#378f2260e871f3ea46c6fa58d9f05277
https://conda.anaconda.org/conda-forge/noarch/python-dateutil-2.8.2-pyhd8ed1ab_0.tar.bz2#dd999d1cc9f79e67dbb855c8924c7984
https://conda.anaconda.org/conda-forge/noarch/pyu2f-0.1.5-pyhd8ed1ab_0.tar.bz2#caabbeaa83928d0c3e3949261daa18eb
https://conda.anaconda.org/conda-forge/linux-64/pyyaml-6.0-py310h5764c6d_4.tar.bz2#505dcf6be997e732d7a33831950dc3cf
https://conda.anaconda.org/conda-forge/noarch/retry-0.9.2-py_0.tar.bz2#b83b7289405e8aab02d1a72bc14506f8
https://conda.anaconda.org/conda-forge/noarch/rsa-4.8-pyhd8ed1ab_0.tar.bz2#0fdcca8ad4e0e66bde199c40f2d1019a
https://conda.anaconda.org/conda-forge/linux-64/setuptools-62.3.3-py310hff52083_0.tar.bz2#931d52e7c381263ff387daa4eb7a3f3d
https://conda.anaconda.org/conda-forge/noarch/stone-3.3.1-pyhd8ed1ab_0.tar.bz2#aa3301a0ebb3473e48544528dadf911e
https://conda.anaconda.org/conda-forge/noarch/typing-extensions-4.2.0-hd8ed1ab_1.tar.bz2#6d9d7480c5780514779967be2ee8b963
https://conda.anaconda.org/conda-forge/linux-64/wrapt-1.14.1-py310h5764c6d_0.tar.bz2#9169ba1c107919c705e7850565032fb9
https://conda.anaconda.org/conda-forge/noarch/aiosignal-1.2.0-pyhd8ed1ab_0.tar.bz2#68c9a0ab410c72abd24cbaac57703519
https://conda.anaconda.org/conda-forge/noarch/amply-0.1.5-pyhd8ed1ab_0.tar.bz2#77d9fa71552d07696ba44d2fac4f3d28
https://conda.anaconda.org/conda-forge/noarch/async-timeout-4.0.2-pyhd8ed1ab_0.tar.bz2#25e79f9a1133556671becbd65a170c78
https://conda.anaconda.org/conda-forge/noarch/backports.functools_lru_cache-1.6.4-pyhd8ed1ab_0.tar.bz2#c5b3edc62d6309088f4970b3eaaa65a6
https://conda.anaconda.org/conda-forge/linux-64/brotlipy-0.7.0-py310h5764c6d_1004.tar.bz2#6499bb11b7feffb63b26847fc9181319
https://conda.anaconda.org/conda-forge/linux-64/coin-or-clp-1.17.6-h256e9bb_3.tar.bz2#9a522165825d494e953a9d05673e5267
https://conda.anaconda.org/conda-forge/linux-64/cryptography-37.0.2-py310h597c629_0.tar.bz2#7b40622ed00061cc8f803c5ed3c62707
https://conda.anaconda.org/conda-forge/noarch/gitpython-3.1.27-pyhd8ed1ab_0.tar.bz2#20acbaab17a50ac9b64138eb9a0e1af8
https://conda.anaconda.org/conda-forge/linux-64/google-crc32c-1.1.2-py310he8fe98e_3.tar.bz2#be7b372293e7d6b73399999c679d6c95
https://conda.anaconda.org/conda-forge/linux-64/grpcio-1.46.3-py310h44b9e0c_0.tar.bz2#8dddd1d04c6632d3320389b1e088efbf
https://conda.anaconda.org/conda-forge/linux-64/harfbuzz-4.3.0-hf9f4e7c_0.tar.bz2#2a9c6660562d7e3fdeda0f0159e1046d
https://conda.anaconda.org/conda-forge/noarch/jinja2-3.1.2-pyhd8ed1ab_1.tar.bz2#c8490ed5c70966d232fdd389d0dbed37
https://conda.anaconda.org/conda-forge/noarch/jsonschema-4.6.0-pyhd8ed1ab_0.tar.bz2#5ac91a7eac2a10e636e71b3ddab2e015
https://conda.anaconda.org/conda-forge/noarch/oauth2client-4.1.3-py_0.tar.bz2#aafb86ecdbfea40c909719e3a6c72a04
https://conda.anaconda.org/conda-forge/linux-64/pandas-1.4.2-py310h769672d_2.tar.bz2#be849b172f511db2ea7d3357f7b07d28
https://conda.anaconda.org/conda-forge/noarch/pip-22.1.2-pyhd8ed1ab_0.tar.bz2#d29185c662a424f8bea1103270b85c96
https://conda.anaconda.org/conda-forge/linux-64/protobuf-3.20.1-py310hd8f1fbe_0.tar.bz2#296ffd88c1111b9784140662c913c492
https://conda.anaconda.org/conda-forge/noarch/pygments-2.12.0-pyhd8ed1ab_0.tar.bz2#cb27e2ded147e5bcc7eafc1c6d343cb3
https://conda.anaconda.org/conda-forge/linux-64/pynacl-1.5.0-py310h5764c6d_1.tar.bz2#858515f4a3c8ff02fa0d0411736f00fb
https://conda.anaconda.org/conda-forge/linux-64/pytest-7.1.2-py310hff52083_0.tar.bz2#5d44c6ab93d445b6c433914753390e86
https://conda.anaconda.org/conda-forge/linux-64/scipy-1.8.1-py310h7612f91_0.tar.bz2#14a7ea0620e4c0801bee756171f4dc03
https://conda.anaconda.org/conda-forge/noarch/setuptools-scm-6.4.2-pyhd8ed1ab_0.tar.bz2#4b55bf84b0f8113833a653d7ba1f52c8
https://conda.anaconda.org/conda-forge/noarch/stopit-1.1.2-py_0.tar.bz2#a07ae164291cd456aa3012f44654a950
https://conda.anaconda.org/conda-forge/linux-64/yarl-1.7.2-py310h5764c6d_2.tar.bz2#e33ec823abf1a9fe98d077e1c3ba17d7
https://conda.anaconda.org/conda-forge/linux-64/yte-1.5.1-py310hff52083_0.tar.bz2#ad5eafc568be7996153aa4d18047d56f
https://conda.anaconda.org/conda-forge/linux-64/aiohttp-3.8.1-py310h5764c6d_1.tar.bz2#4326fa6bcb1f3c500108fe68c3600db7
https://conda.anaconda.org/conda-forge/linux-64/bcrypt-3.2.2-py310h5764c6d_0.tar.bz2#f16caea12e0c5cef847fba34bf5f507f
https://conda.anaconda.org/conda-forge/linux-64/coin-or-cgl-0.60.6-he2f9439_0.tar.bz2#02c3980cc7612e4e83e9036481d7a2b5
https://conda.anaconda.org/conda-forge/noarch/google-resumable-media-2.3.3-pyhd8ed1ab_0.tar.bz2#6a110581a8267aad65145c2fe3bc7d7c
https://conda.anaconda.org/conda-forge/linux-64/googleapis-common-protos-1.56.2-py310hff52083_0.tar.bz2#33b212c9ebf1da549f293549729f8d66
https://conda.anaconda.org/conda-forge/noarch/nbformat-5.4.0-pyhd8ed1ab_0.tar.bz2#770f6659243e2c79a0b8488b0e463bd1
https://conda.anaconda.org/conda-forge/linux-64/pango-1.50.7-hbd2fdc8_0.tar.bz2#1cff4bab8ed133d59b7c22fe7bf09263
https://conda.anaconda.org/conda-forge/noarch/pyopenssl-22.0.0-pyhd8ed1ab_0.tar.bz2#1d7e241dfaf5475e893d4b824bb71b44
https://conda.anaconda.org/conda-forge/noarch/veracitools-0.1.3-py_0.tar.bz2#f2c8d44ea78cf639ab4810aedba43ab5
https://conda.anaconda.org/conda-forge/noarch/wcwidth-0.2.5-pyh9f0ad1d_2.tar.bz2#5266fcd697043c59621fda522b3d78ee
https://conda.anaconda.org/conda-forge/noarch/aioeasywebdav-2.4.0-pyha770c72_0.tar.bz2#dd5bf8931da06c21f9ea03e9621acfc7
https://conda.anaconda.org/conda-forge/linux-64/coin-or-cbc-2.10.8-h3786ebc_0.tar.bz2#a7f1d9773101f34e3cedf335992865f7
https://conda.anaconda.org/conda-forge/noarch/paramiko-2.11.0-pyhd8ed1ab_0.tar.bz2#74a35060bbae98fbf7cfeaba2336152f
https://conda.anaconda.org/conda-forge/noarch/prettytable-3.3.0-pyhd8ed1ab_0.tar.bz2#dea2fab432fe04a89b47e67e172fce2e
https://conda.anaconda.org/conda-forge/linux-64/r-base-4.1.3-h06d3f91_1.tar.bz2#f19666e0f252407e016b5b4a4b236497
https://conda.anaconda.org/conda-forge/noarch/ubiquerg-0.6.1-pyh9f0ad1d_0.tar.bz2#25fbe3d10a197b44421dceb5e9070401
https://conda.anaconda.org/conda-forge/noarch/urllib3-1.26.9-pyhd8ed1ab_0.tar.bz2#0ea179ee251aa7100807c35bc0252693
https://conda.anaconda.org/conda-forge/noarch/attmap-0.13.2-pyhd8ed1ab_0.tar.bz2#f7e348eb6bd53f544fd7cde87a7ba3c8
https://conda.anaconda.org/conda-forge/noarch/botocore-1.27.5-pyhd8ed1ab_0.tar.bz2#a339cf3e41309789aebfa2031042238d
https://conda.anaconda.org/conda-forge/noarch/coincbc-2.10.8-0_metapackage.tar.bz2#35c87e16b8ca27f20d2120d0a20be799
https://conda.anaconda.org/conda-forge/noarch/pysftp-0.2.9-py_1.tar.bz2#3172621a36e00ef8711a393784d8fa7f
https://conda.anaconda.org/conda-forge/noarch/python-irodsclient-1.1.3-pyhd8ed1ab_0.tar.bz2#674ba7535ccffce97147c1aa4750d2d5
https://conda.anaconda.org/conda-forge/noarch/requests-2.27.1-pyhd8ed1ab_0.tar.bz2#7c1c427246b057b8fa97200ecdb2ed62
https://conda.anaconda.org/conda-forge/noarch/dropbox-11.31.0-pyhd8ed1ab_0.tar.bz2#c9ebcd563110ad7d9b2d0196f4f27b32
https://conda.anaconda.org/conda-forge/noarch/google-auth-2.7.0-pyh6c4a22f_1.tar.bz2#7d30268cf84a0eefc5139a5279584f30
https://conda.anaconda.org/conda-forge/noarch/peppy-0.31.2-pyhd8ed1ab_2.tar.bz2#4e4813059156c463b2a79050d268131d
https://conda.anaconda.org/conda-forge/linux-64/pulp-2.6.0-py310hff52083_1.tar.bz2#c224f4855277813e3374a1b63a428aa2
https://conda.anaconda.org/conda-forge/noarch/s3transfer-0.6.0-pyhd8ed1ab_0.tar.bz2#900e74d8547fbea3af028937df28ed77
https://conda.anaconda.org/conda-forge/noarch/slacker-0.14.0-py_0.tar.bz2#ea6b3b3b8babd487cdbcccb7f42c2ccf
https://conda.anaconda.org/conda-forge/noarch/boto3-1.24.5-pyhd8ed1ab_0.tar.bz2#65d2a8a094db9de878860d1e8ec9d50f
https://conda.anaconda.org/conda-forge/noarch/google-api-core-2.8.1-pyhd8ed1ab_0.tar.bz2#52a01ddffc33225b8b1027c2a87de476
https://conda.anaconda.org/conda-forge/noarch/google-auth-httplib2-0.1.0-pyhd8ed1ab_1.tar.bz2#829c632fd23d1d4dd0adeb461a4e6a13
https://conda.anaconda.org/bioconda/noarch/snakemake-minimal-7.8.2-pyhdfd78af_0.tar.bz2#480b0c512fcc2770c6936ee0455b9d55
https://conda.anaconda.org/conda-forge/noarch/google-api-python-client-2.50.0-pyhd8ed1ab_0.tar.bz2#864e807dbf1b39dd2592a4a0d912970b
https://conda.anaconda.org/conda-forge/noarch/google-cloud-core-2.3.0-pyhd8ed1ab_0.tar.bz2#a86a8ca38f8edd8abd37e252ad60f3f4
https://conda.anaconda.org/conda-forge/noarch/google-cloud-storage-2.4.0-pyh6c4a22f_0.tar.bz2#8d1916bfadddff985b9c444089c8954e
https://conda.anaconda.org/bioconda/noarch/snakemake-7.8.2-hdfd78af_0.tar.bz2#e6acfa5d5654715f56514d72a5d61507
