# This file may be used to create an environment using:
# $ conda create --name <env> --file <this file>
# platform: linux-64
@EXPLICIT
https://conda.anaconda.org/conda-forge/linux-64/_libgcc_mutex-0.1-conda_forge.tar.bz2#d7c89558ba9fa0495403155b64376d81
https://conda.anaconda.org/conda-forge/noarch/_r-mutex-1.0.1-anacondar_1.tar.bz2#19f9db5f4f1b7f5ef5f6d67207f25f38
https://conda.anaconda.org/conda-forge/linux-64/ca-certificates-2022.9.14-ha878542_0.tar.bz2#87c986dab320658abaf3e701406b665c
https://conda.anaconda.org/conda-forge/noarch/font-ttf-dejavu-sans-mono-2.37-hab24e00_0.tar.bz2#0c96522c6bdaed4b1566d11387caaf45
https://conda.anaconda.org/conda-forge/noarch/font-ttf-inconsolata-3.000-h77eed37_0.tar.bz2#34893075a5c9e55cdafac56607368fc6
https://conda.anaconda.org/conda-forge/noarch/font-ttf-source-code-pro-2.038-h77eed37_0.tar.bz2#4d59c254e01d9cde7957100457e2d5fb
https://conda.anaconda.org/conda-forge/noarch/font-ttf-ubuntu-0.83-hab24e00_0.tar.bz2#19410c3df09dfb12d1206132a1d357c5
https://conda.anaconda.org/conda-forge/noarch/kernel-headers_linux-64-2.6.32-he073ed8_15.tar.bz2#5dd5127afd710f91f6a75821bac0a4f0
https://conda.anaconda.org/conda-forge/linux-64/ld_impl_linux-64-2.36.1-hea4e1c9_2.tar.bz2#bd4f2e711b39af170e7ff15163fe87ee
https://conda.anaconda.org/conda-forge/linux-64/libgcc-devel_linux-64-12.1.0-h1ec3361_16.tar.bz2#0e6ab30ea5307e18bff4689958b51b83
https://conda.anaconda.org/conda-forge/linux-64/libgfortran5-12.1.0-hdcd56e2_16.tar.bz2#b02605b875559ff99f04351fd5040760
https://conda.anaconda.org/conda-forge/linux-64/libstdcxx-devel_linux-64-12.1.0-h1ec3361_16.tar.bz2#db535a3c3b757e1d34e6b031a111f029
https://conda.anaconda.org/conda-forge/linux-64/libstdcxx-ng-12.1.0-ha89aaad_16.tar.bz2#6f5ba041a41eb102a1027d9e68731be7
https://conda.anaconda.org/conda-forge/noarch/tzdata-2022c-h191b570_0.tar.bz2#a56386ad31a7322940dd7d03fb3a9979
https://conda.anaconda.org/conda-forge/noarch/fonts-conda-forge-1-0.tar.bz2#f766549260d6815b0c52253f1fb1bb29
https://conda.anaconda.org/conda-forge/linux-64/libgfortran-ng-12.1.0-h69a702a_16.tar.bz2#6bf15e29a20f614b18ae89368260d0a2
https://conda.anaconda.org/conda-forge/linux-64/libgomp-12.1.0-h8d9b700_16.tar.bz2#f013cf7749536ce43d82afbffdf499ab
https://conda.anaconda.org/conda-forge/noarch/sysroot_linux-64-2.12-he073ed8_15.tar.bz2#66c192522eacf5bb763568b4e415d133
https://conda.anaconda.org/conda-forge/linux-64/_openmp_mutex-4.5-2_gnu.tar.bz2#73aaf86a425cc6e73fcf236a5a46396d
https://conda.anaconda.org/conda-forge/linux-64/binutils_impl_linux-64-2.36.1-h193b22a_2.tar.bz2#32aae4265554a47ea77f7c09f86aeb3b
https://conda.anaconda.org/conda-forge/noarch/fonts-conda-ecosystem-1-0.tar.bz2#fee5683a3f04bd15cbd8318b096a27ab
https://conda.anaconda.org/conda-forge/linux-64/libgcc-ng-12.1.0-h8d9b700_16.tar.bz2#4f05bc9844f7c101e6e147dab3c88d5c
https://conda.anaconda.org/conda-forge/linux-64/bzip2-1.0.8-h7f98852_4.tar.bz2#a1fd65c7ccbf10880423d82bca54eb54
https://conda.anaconda.org/conda-forge/linux-64/c-ares-1.18.1-h7f98852_0.tar.bz2#f26ef8098fab1f719c91eb760d63381a
https://conda.anaconda.org/conda-forge/linux-64/expat-2.4.9-h27087fc_0.tar.bz2#493ac8b2503a949aebe33d99ea0c284f
https://conda.anaconda.org/conda-forge/linux-64/fribidi-1.0.10-h36c2ea0_0.tar.bz2#ac7bc6a654f8f41b352b38f4051135f8
https://conda.anaconda.org/conda-forge/linux-64/graphite2-1.3.13-h58526e2_1001.tar.bz2#8c54672728e8ec6aa6db90cf2806d220
https://conda.anaconda.org/conda-forge/linux-64/icu-70.1-h27087fc_0.tar.bz2#87473a15119779e021c314249d4b4aed
https://conda.anaconda.org/conda-forge/linux-64/jpeg-9e-h166bdaf_2.tar.bz2#ee8b844357a0946870901c7c6f418268
https://conda.anaconda.org/conda-forge/linux-64/keyutils-1.6.1-h166bdaf_0.tar.bz2#30186d27e2c9fa62b45fb1476b7200e3
https://conda.anaconda.org/conda-forge/linux-64/lerc-4.0.0-h27087fc_0.tar.bz2#76bbff344f0134279f225174e9064c8f
https://conda.anaconda.org/conda-forge/linux-64/libabseil-20220623.0-cxx17_h48a1fff_4.tar.bz2#4ade5a30c004bc520e7a3501d59d2fa0
https://conda.anaconda.org/conda-forge/linux-64/libcrc32c-1.1.2-h9c3ff4c_0.tar.bz2#c965a5aa0d5c1c37ffc62dff36e28400
https://conda.anaconda.org/conda-forge/linux-64/libdeflate-1.14-h166bdaf_0.tar.bz2#fc84a0446e4e4fb882e78d786cfb9734
https://conda.anaconda.org/conda-forge/linux-64/libev-4.33-h516909a_1.tar.bz2#6f8720dff19e17ce5d48cfe7f3d2f0a3
https://conda.anaconda.org/conda-forge/linux-64/libffi-3.4.2-h7f98852_5.tar.bz2#d645c6d2ac96843a2bfaccd2d62b3ac3
https://conda.anaconda.org/conda-forge/linux-64/libiconv-1.16-h516909a_0.tar.bz2#5c0f338a513a2943c659ae619fca9211
https://conda.anaconda.org/conda-forge/linux-64/libnsl-2.0.0-h7f98852_0.tar.bz2#39b1328babf85c7c3a61636d9cd50206
https://conda.anaconda.org/conda-forge/linux-64/libopenblas-0.3.21-pthreads_h78a6416_3.tar.bz2#8c5963a49b6035c40646a763293fbb35
https://conda.anaconda.org/conda-forge/linux-64/libsanitizer-12.1.0-ha89aaad_16.tar.bz2#72d63459c86185f8f636772f28d6eb35
https://conda.anaconda.org/conda-forge/linux-64/libsodium-1.0.18-h36c2ea0_1.tar.bz2#c3788462a6fbddafdb413a9f9053e58d
https://conda.anaconda.org/conda-forge/linux-64/libuuid-2.32.1-h7f98852_1000.tar.bz2#772d69f030955d9646d3d0eaf21d859d
https://conda.anaconda.org/conda-forge/linux-64/libwebp-base-1.2.4-h166bdaf_0.tar.bz2#ac2ccf7323d21f2994e4d1f5da664f37
https://conda.anaconda.org/conda-forge/linux-64/libzlib-1.2.12-h166bdaf_3.tar.bz2#29b2d63b0e21b765da0418bc452538c9
https://conda.anaconda.org/conda-forge/linux-64/make-4.3-hd18ef5c_1.tar.bz2#4049ebfd3190b580dffe76daed26155a
https://conda.anaconda.org/conda-forge/linux-64/ncurses-6.3-h27087fc_1.tar.bz2#4acfc691e64342b9dae57cf2adc63238
https://conda.anaconda.org/conda-forge/linux-64/openssl-1.1.1q-h166bdaf_0.tar.bz2#07acc367c7fc8b716770cd5b36d31717
https://conda.anaconda.org/conda-forge/linux-64/pcre-8.45-h9c3ff4c_0.tar.bz2#c05d1820a6d34ff07aaaab7a9b7eddaa
https://conda.anaconda.org/conda-forge/linux-64/pixman-0.40.0-h36c2ea0_0.tar.bz2#660e72c82f2e75a6b3fe6a6e75c79f19
https://conda.anaconda.org/conda-forge/linux-64/pthread-stubs-0.4-h36c2ea0_1001.tar.bz2#22dad4df6e8630e8dff2428f6f6a7036
https://conda.anaconda.org/conda-forge/linux-64/re2-2022.06.01-h27087fc_0.tar.bz2#23a0de2e0f5ee6d12adfef82771ed49c
https://conda.anaconda.org/conda-forge/linux-64/sed-4.8-he412f7d_0.tar.bz2#7362f0042e95681f5d371c46c83ebd08
https://conda.anaconda.org/conda-forge/linux-64/xorg-kbproto-1.0.7-h7f98852_1002.tar.bz2#4b230e8381279d76131116660f5a241a
https://conda.anaconda.org/conda-forge/linux-64/xorg-libice-1.0.10-h7f98852_0.tar.bz2#d6b0b50b49eccfe0be0373be628be0f3
https://conda.anaconda.org/conda-forge/linux-64/xorg-libxau-1.0.9-h7f98852_0.tar.bz2#bf6f803a544f26ebbdc3bfff272eb179
https://conda.anaconda.org/conda-forge/linux-64/xorg-libxdmcp-1.1.3-h7f98852_0.tar.bz2#be93aabceefa2fac576e971aef407908
https://conda.anaconda.org/conda-forge/linux-64/xorg-renderproto-0.11.1-h7f98852_1002.tar.bz2#06feff3d2634e3097ce2fe681474b534
https://conda.anaconda.org/conda-forge/linux-64/xorg-xextproto-7.3.0-h7f98852_1002.tar.bz2#1e15f6ad85a7d743a2ac68dae6c82b98
https://conda.anaconda.org/conda-forge/linux-64/xorg-xproto-7.0.31-h7f98852_1007.tar.bz2#b4a4381d54784606820704f7b5f05a15
https://conda.anaconda.org/conda-forge/linux-64/xz-5.2.6-h166bdaf_0.tar.bz2#2161070d867d1b1204ea749c8eec4ef0
https://conda.anaconda.org/conda-forge/linux-64/yaml-0.2.5-h7f98852_2.tar.bz2#4cb3ad778ec2d5a7acbdf254eb1c42ae
https://conda.anaconda.org/conda-forge/linux-64/gcc_impl_linux-64-12.1.0-hea43390_16.tar.bz2#8db926c5e0250835beca6557221b600b
https://conda.anaconda.org/conda-forge/linux-64/gettext-0.19.8.1-h73d1719_1008.tar.bz2#af49250eca8e139378f8ff0ae9e57251
https://conda.anaconda.org/conda-forge/linux-64/libblas-3.9.0-16_linux64_openblas.tar.bz2#d9b7a8639171f6c6fa0a983edabcfe2b
https://conda.anaconda.org/conda-forge/linux-64/libedit-3.1.20191231-he28a2e2_2.tar.bz2#4d331e44109e3f0e19b4cb8f9b82f3e1
https://conda.anaconda.org/conda-forge/linux-64/libnghttp2-1.47.0-hdcd2b5c_1.tar.bz2#6fe9e31c2b8d0b022626ccac13e6ca3c
https://conda.anaconda.org/conda-forge/linux-64/libpng-1.6.38-h753d276_0.tar.bz2#575078de1d3a3114b3ce131bd1508d0c
https://conda.anaconda.org/conda-forge/linux-64/libprotobuf-3.21.5-h6239696_3.tar.bz2#6888bc182bc4e314c6a30ab6d216f05d
https://conda.anaconda.org/conda-forge/linux-64/libsqlite-3.39.3-h753d276_0.tar.bz2#ccb2457c73609f2622b8a4b3e42e5d8b
https://conda.anaconda.org/conda-forge/linux-64/libssh2-1.10.0-haa6b8db_3.tar.bz2#89acee135f0809a18a1f4537390aa2dd
https://conda.anaconda.org/conda-forge/linux-64/libxcb-1.13-h7f98852_1004.tar.bz2#b3653fdc58d03face9724f602218a904
https://conda.anaconda.org/conda-forge/linux-64/libxml2-2.9.14-h22db469_4.tar.bz2#aced7c1f4b4dbfea08e033c6ae97c53e
https://conda.anaconda.org/conda-forge/linux-64/pcre2-10.37-hc3806b6_1.tar.bz2#dfd26f27a9d5de96cec1d007b9aeb964
https://conda.anaconda.org/conda-forge/linux-64/readline-8.1.2-h0f457ee_0.tar.bz2#db2ebbe2943aae81ed051a6a9af8e0fa
https://conda.anaconda.org/conda-forge/linux-64/tk-8.6.12-h27826a3_0.tar.bz2#5b8c42eb62e9fc961af70bdd6a26e168
https://conda.anaconda.org/conda-forge/linux-64/xorg-libsm-1.2.3-hd9c2040_1000.tar.bz2#9e856f78d5c80d5a78f61e72d1d473a3
https://conda.anaconda.org/conda-forge/linux-64/zlib-1.2.12-h166bdaf_3.tar.bz2#76c717057865201aa2d24b79315645bb
https://conda.anaconda.org/conda-forge/linux-64/zstd-1.5.2-h6239696_4.tar.bz2#adcf0be7897e73e312bd24353b613f74
https://conda.anaconda.org/conda-forge/linux-64/bwidget-1.9.14-ha770c72_1.tar.bz2#5746d6202ba2abad4a4707f2a2462795
https://conda.anaconda.org/conda-forge/linux-64/freetype-2.12.1-hca18f0e_0.tar.bz2#4e54cbfc47b8c74c2ecc1e7730d8edce
https://conda.anaconda.org/conda-forge/linux-64/gfortran_impl_linux-64-12.1.0-h1db8e46_16.tar.bz2#ef716bdedf23c9088ae8394a9322d52a
https://conda.anaconda.org/conda-forge/linux-64/grpc-cpp-1.48.1-h05bd8bd_1.tar.bz2#e7f3d938891182a3d7a165443a19aabd
https://conda.anaconda.org/conda-forge/linux-64/gxx_impl_linux-64-12.1.0-hea43390_16.tar.bz2#f64e7c4aad2bf9d75ef1849ba12d550e
https://conda.anaconda.org/conda-forge/linux-64/krb5-1.19.3-h3790be6_0.tar.bz2#7d862b05445123144bec92cb1acc8ef8
https://conda.anaconda.org/conda-forge/linux-64/libcblas-3.9.0-16_linux64_openblas.tar.bz2#20bae26d0a1db73f758fc3754cab4719
https://conda.anaconda.org/conda-forge/linux-64/libglib-2.72.1-h2d90d5f_0.tar.bz2#ebeadbb5fbc44052eeb6f96a2136e3c2
https://conda.anaconda.org/conda-forge/linux-64/liblapack-3.9.0-16_linux64_openblas.tar.bz2#955d993f41f9354bf753d29864ea20ad
https://conda.anaconda.org/conda-forge/linux-64/libtiff-4.4.0-h55922b4_4.tar.bz2#901791f0ec7cddc8714e76e273013a91
https://conda.anaconda.org/conda-forge/linux-64/python-3.10.6-h582c2e5_0_cpython.tar.bz2#6f009f92084e84884d1dff862b85eb00
https://conda.anaconda.org/conda-forge/linux-64/tktable-2.10-hb7b940f_3.tar.bz2#ea4d0879e40211fa26f38d8986db1bbe
https://conda.anaconda.org/conda-forge/linux-64/xorg-libx11-1.7.2-h7f98852_0.tar.bz2#12a61e640b8894504326aadafccbb790
https://conda.anaconda.org/conda-forge/noarch/appdirs-1.4.4-pyh9f0ad1d_0.tar.bz2#5f095bc6454094e96f146491fd03633b
https://conda.anaconda.org/conda-forge/noarch/attrs-22.1.0-pyh71513ae_1.tar.bz2#6d3ccbc56256204925bfa8378722792f
https://conda.anaconda.org/conda-forge/noarch/backports-1.0-py_2.tar.bz2#0da16b293affa6ac31812376f8eb79dd
https://conda.anaconda.org/conda-forge/noarch/cachetools-5.2.0-pyhd8ed1ab_0.tar.bz2#c6653a1ed0c4a48ace64ab68a0bf9b27
https://conda.anaconda.org/conda-forge/noarch/certifi-2022.9.14-pyhd8ed1ab_0.tar.bz2#963e8ceccba45b5cf15f33906d5a20a1
https://conda.anaconda.org/conda-forge/noarch/charset-normalizer-2.1.1-pyhd8ed1ab_0.tar.bz2#c1d5b294fbf9a795dec349a6f4d8be8e
https://conda.anaconda.org/conda-forge/noarch/configargparse-1.5.3-pyhd8ed1ab_0.tar.bz2#318b72c3c2dfca9aebdbaf258609d02d
https://conda.anaconda.org/conda-forge/noarch/connection_pool-0.0.3-pyhd3deb0d_0.tar.bz2#e270fff08907db8691c02a0eda8d38ae
https://conda.anaconda.org/conda-forge/noarch/dataclasses-0.8-pyhc8e2a94_3.tar.bz2#a362b2124b06aad102e2ee4581acee7d
https://conda.anaconda.org/conda-forge/noarch/decorator-5.1.1-pyhd8ed1ab_0.tar.bz2#43afe5ab04e35e17ba28649471dd7364
https://conda.anaconda.org/conda-forge/noarch/defusedxml-0.7.1-pyhd8ed1ab_0.tar.bz2#961b3a227b437d82ad7054484cfa71b2
https://conda.anaconda.org/conda-forge/noarch/filechunkio-1.8-py_2.tar.bz2#5e721173512c05bb5973ceb5616f8c03
https://conda.anaconda.org/conda-forge/noarch/filelock-3.8.0-pyhd8ed1ab_0.tar.bz2#10f0218dbd493ab2e5dc6759ddea4526
https://conda.anaconda.org/conda-forge/linux-64/fontconfig-2.14.0-hc2a2eb6_1.tar.bz2#139ace7da04f011abbd531cb2a9840ee
https://conda.anaconda.org/conda-forge/noarch/ftputil-5.0.4-pyhd8ed1ab_0.tar.bz2#83ae47fd5bd9306281db44d85d5813a5
https://conda.anaconda.org/conda-forge/linux-64/gsl-2.7-he838d99_0.tar.bz2#fec079ba39c9cca093bf4c00001825de
https://conda.anaconda.org/conda-forge/noarch/idna-3.4-pyhd8ed1ab_0.tar.bz2#34272b248891bddccc64479f9a7fffed
https://conda.anaconda.org/conda-forge/noarch/iniconfig-1.1.1-pyh9f0ad1d_0.tar.bz2#39161f81cc5e5ca45b8226fbb06c6905
https://conda.anaconda.org/conda-forge/noarch/jmespath-1.0.1-pyhd8ed1ab_0.tar.bz2#2cfa3e1cf3fb51bb9b17acc5b5e9ea11
https://conda.anaconda.org/conda-forge/linux-64/libcurl-7.83.1-h7bff187_0.tar.bz2#d0c278476dba3b29ee13203784672ab1
https://conda.anaconda.org/conda-forge/linux-64/liblapacke-3.9.0-16_linux64_openblas.tar.bz2#823ceb5567e1a595deb643fcd17aed5a
https://conda.anaconda.org/conda-forge/noarch/logmuse-0.2.6-pyh8c360ce_0.tar.bz2#58adb9b2a7f4b0622217868a532eeb95
https://conda.anaconda.org/conda-forge/noarch/pkgutil-resolve-name-1.3.10-pyhd8ed1ab_0.tar.bz2#89e3c7cdde7d3aaa2aee933b604dd07f
https://conda.anaconda.org/conda-forge/noarch/plac-1.3.5-pyhd8ed1ab_0.tar.bz2#2a2a3d9ccee1a4c2530374e29add74bc
https://conda.anaconda.org/conda-forge/noarch/ply-3.11-py_1.tar.bz2#7205635cd71531943440fbfe3b6b5727
https://conda.anaconda.org/conda-forge/noarch/py-1.11.0-pyh6c4a22f_0.tar.bz2#b4613d7e7a493916d867842a6a148054
https://conda.anaconda.org/conda-forge/noarch/pyasn1-0.4.8-py_0.tar.bz2#06d04c9f8f72ac77911db942eda24fb9
https://conda.anaconda.org/conda-forge/noarch/pycparser-2.21-pyhd8ed1ab_0.tar.bz2#076becd9e05608f8dc72757d5f3a91ff
https://conda.anaconda.org/conda-forge/noarch/pyparsing-3.0.9-pyhd8ed1ab_0.tar.bz2#e8fbc1b54b25f4b08281467bc13b70cc
https://conda.anaconda.org/conda-forge/noarch/pysocks-1.7.1-pyha2e5f31_6.tar.bz2#2a7de29fb590ca14b5243c4c812c8025
https://conda.anaconda.org/conda-forge/noarch/python-fastjsonschema-2.16.2-pyhd8ed1ab_0.tar.bz2#5fe4b6002f505336734ce92961b3e6a0
https://conda.anaconda.org/conda-forge/linux-64/python_abi-3.10-2_cp310.tar.bz2#9e7160cd0d865e98f6803f1fe15c8b61
https://conda.anaconda.org/conda-forge/noarch/pytz-2022.2.1-pyhd8ed1ab_0.tar.bz2#974bca71d00364630f63f31fa7e059cb
https://conda.anaconda.org/conda-forge/noarch/ratelimiter-1.2.0-py_1002.tar.bz2#a3326f1950c9a8e52a4b5817ba607caa
https://conda.anaconda.org/conda-forge/noarch/setuptools-65.3.0-pyhd8ed1ab_1.tar.bz2#a64c8af7be7a6348c1d9e530f88fa4da
https://conda.anaconda.org/conda-forge/noarch/six-1.16.0-pyh6c4a22f_0.tar.bz2#e5f25f8dbc060e9a8d912e432202afc2
https://conda.anaconda.org/conda-forge/noarch/smart_open-6.2.0-pyha770c72_0.tar.bz2#ccfd42222c14d1f485d8049958c2ed68
https://conda.anaconda.org/conda-forge/noarch/smmap-3.0.5-pyh44b312d_0.tar.bz2#3a8dc70789709aa315325d5df06fb7e4
https://conda.anaconda.org/conda-forge/noarch/tabulate-0.8.10-pyhd8ed1ab_0.tar.bz2#1bbdd3235d1acaac7502cf55de71f839
https://conda.anaconda.org/conda-forge/noarch/tomli-2.0.1-pyhd8ed1ab_0.tar.bz2#5844808ffab9ebdb694585b50ba02a96
https://conda.anaconda.org/conda-forge/noarch/toposort-1.7-pyhd8ed1ab_0.tar.bz2#ce711f7c322298edf8e7bd592a06b4b7
https://conda.anaconda.org/conda-forge/noarch/traitlets-5.4.0-pyhd8ed1ab_0.tar.bz2#ad0d721e61d0679d78902597b338a33b
https://conda.anaconda.org/conda-forge/noarch/typing_extensions-4.3.0-pyha770c72_0.tar.bz2#a9d85960bc62d53cc4ea0d1d27f73c98
https://conda.anaconda.org/conda-forge/noarch/uritemplate-4.1.1-pyhd8ed1ab_0.tar.bz2#0c4beeff1cbaba9b1a494c6b3dfc5bcc
https://conda.anaconda.org/conda-forge/noarch/wheel-0.37.1-pyhd8ed1ab_0.tar.bz2#1ca02aaf78d9c70d9a81a3bed5752022
https://conda.anaconda.org/conda-forge/linux-64/xorg-libxext-1.3.4-h7f98852_1.tar.bz2#536cc5db4d0a3ba0630541aec064b5e4
https://conda.anaconda.org/conda-forge/linux-64/xorg-libxrender-0.9.10-h7f98852_1003.tar.bz2#f59c1242cc1dd93e72c2ee2b360979eb
https://conda.anaconda.org/conda-forge/linux-64/xorg-libxt-1.2.1-h7f98852_2.tar.bz2#60d6eec5273f1c9af096c10c268912e3
https://conda.anaconda.org/conda-forge/noarch/zipp-3.8.1-pyhd8ed1ab_0.tar.bz2#a3508a0c850745b875de88aea4c40cc5
https://conda.anaconda.org/conda-forge/noarch/backports.functools_lru_cache-1.6.4-pyhd8ed1ab_0.tar.bz2#c5b3edc62d6309088f4970b3eaaa65a6
https://conda.anaconda.org/conda-forge/linux-64/cairo-1.16.0-ha61ee94_1014.tar.bz2#d1a88f3ed5b52e1024b80d4bcd26a7a0
https://conda.anaconda.org/conda-forge/linux-64/cffi-1.15.1-py310h255011f_0.tar.bz2#3e4b55b02998782f8ca9ceaaa4f5ada9
https://conda.anaconda.org/conda-forge/linux-64/coin-or-utils-2.11.6-h202d8b1_2.tar.bz2#c4a6ddb2cff90830d840199559aaae49
https://conda.anaconda.org/conda-forge/linux-64/curl-7.83.1-h7bff187_0.tar.bz2#ba33b9995f5e691e4f439422d6efafc7
https://conda.anaconda.org/conda-forge/linux-64/datrie-0.8.2-py310h6acc77f_3.tar.bz2#5692206ea81442d3a599577ff41b6b24
https://conda.anaconda.org/conda-forge/linux-64/docutils-0.19-py310hff52083_0.tar.bz2#82eeac1b2161ba30a9b53eb8a5cea7f1
https://conda.anaconda.org/conda-forge/linux-64/dpath-2.0.6-py310hff52083_1.tar.bz2#772b314c221b3172fa2a15535300379e
https://conda.anaconda.org/conda-forge/linux-64/frozenlist-1.3.1-py310h5764c6d_0.tar.bz2#d702623b009971a845d33030f7b97efe
https://conda.anaconda.org/conda-forge/linux-64/future-0.18.2-py310hff52083_5.tar.bz2#f990c83ec11f61f384f137e1a12d61f4
https://conda.anaconda.org/conda-forge/noarch/gitdb-4.0.9-pyhd8ed1ab_0.tar.bz2#40fc6b14a45dee3a3fd9f302d026108e
https://conda.anaconda.org/conda-forge/linux-64/grpcio-1.48.1-py310h5b20944_1.tar.bz2#5b48a1de3c8f27389833c5dbeb1159a8
https://conda.anaconda.org/conda-forge/noarch/httplib2-0.20.4-pyhd8ed1ab_0.tar.bz2#3e95f321d7ea7811acf87c288c426095
https://conda.anaconda.org/conda-forge/linux-64/importlib-metadata-4.11.4-py310hff52083_0.tar.bz2#8ea386e64531f1ecf4a5765181579e7e
https://conda.anaconda.org/conda-forge/noarch/importlib_resources-5.9.0-pyhd8ed1ab_0.tar.bz2#393a52ae5450ac981a0b67c8175d61fa
https://conda.anaconda.org/conda-forge/linux-64/jupyter_core-4.11.1-py310hff52083_0.tar.bz2#e7c04d9bc3f51cc42fa4ba6c70bb3de1
https://conda.anaconda.org/conda-forge/linux-64/markupsafe-2.1.1-py310h5764c6d_1.tar.bz2#ec5a727504409ad1380fc2a84f83d002
https://conda.anaconda.org/conda-forge/linux-64/multidict-6.0.2-py310h5764c6d_1.tar.bz2#3dc4436d49fd2eff029b849dc2aab834
https://conda.anaconda.org/conda-forge/linux-64/numpy-1.23.3-py310h53a5b5f_0.tar.bz2#0a60ccaed9ad236cc7463322fe742eb6
https://conda.anaconda.org/conda-forge/noarch/packaging-21.3-pyhd8ed1ab_0.tar.bz2#71f1ab2de48613876becddd496371c85
https://conda.anaconda.org/conda-forge/noarch/pip-22.2.2-pyhd8ed1ab_0.tar.bz2#0b43abe4d3ee93e82742d37def53a836
https://conda.anaconda.org/conda-forge/linux-64/pluggy-1.0.0-py310hff52083_3.tar.bz2#97f9a22577338f91a94dfac5c1a65a50
https://conda.anaconda.org/conda-forge/linux-64/protobuf-4.21.5-py310hd8f1fbe_1.tar.bz2#f930f4c1ffea38035ae0b76c784f9354
https://conda.anaconda.org/conda-forge/linux-64/psutil-5.9.2-py310h5764c6d_0.tar.bz2#6ac13c26fe4f9d8d6b38657664c37fd3
https://conda.anaconda.org/conda-forge/noarch/pyasn1-modules-0.2.7-py_0.tar.bz2#ad1e886d09700b2304975335f714bd9c
https://conda.anaconda.org/conda-forge/noarch/pygments-2.13.0-pyhd8ed1ab_0.tar.bz2#9f478e8eedd301008b5f395bad0caaed
https://conda.anaconda.org/conda-forge/linux-64/pyrsistent-0.18.1-py310h5764c6d_1.tar.bz2#d6bf97f14e0cc9d2024cf66b11bb79b8
https://conda.anaconda.org/conda-forge/noarch/python-dateutil-2.8.2-pyhd8ed1ab_0.tar.bz2#dd999d1cc9f79e67dbb855c8924c7984
https://conda.anaconda.org/conda-forge/noarch/pyu2f-0.1.5-pyhd8ed1ab_0.tar.bz2#caabbeaa83928d0c3e3949261daa18eb
https://conda.anaconda.org/conda-forge/linux-64/pyyaml-6.0-py310h5764c6d_4.tar.bz2#505dcf6be997e732d7a33831950dc3cf
https://conda.anaconda.org/conda-forge/noarch/retry-0.9.2-py_0.tar.bz2#b83b7289405e8aab02d1a72bc14506f8
https://conda.anaconda.org/conda-forge/noarch/rsa-4.9-pyhd8ed1ab_0.tar.bz2#03bf410858b2cefc267316408a77c436
https://conda.anaconda.org/conda-forge/noarch/stone-3.3.1-pyhd8ed1ab_0.tar.bz2#aa3301a0ebb3473e48544528dadf911e
https://conda.anaconda.org/conda-forge/noarch/stopit-1.1.2-py_0.tar.bz2#a07ae164291cd456aa3012f44654a950
https://conda.anaconda.org/conda-forge/noarch/typing-extensions-4.3.0-hd8ed1ab_0.tar.bz2#f3e98e944832fb271a0dbda7b7771dc6
https://conda.anaconda.org/conda-forge/linux-64/wrapt-1.14.1-py310h5764c6d_0.tar.bz2#9169ba1c107919c705e7850565032fb9
https://conda.anaconda.org/conda-forge/noarch/aiosignal-1.2.0-pyhd8ed1ab_0.tar.bz2#68c9a0ab410c72abd24cbaac57703519
https://conda.anaconda.org/conda-forge/noarch/amply-0.1.5-pyhd8ed1ab_0.tar.bz2#77d9fa71552d07696ba44d2fac4f3d28
https://conda.anaconda.org/conda-forge/noarch/async-timeout-4.0.2-pyhd8ed1ab_0.tar.bz2#25e79f9a1133556671becbd65a170c78
https://conda.anaconda.org/conda-forge/linux-64/bcrypt-3.2.2-py310h5764c6d_0.tar.bz2#f16caea12e0c5cef847fba34bf5f507f
https://conda.anaconda.org/conda-forge/linux-64/brotlipy-0.7.0-py310h5764c6d_1004.tar.bz2#6499bb11b7feffb63b26847fc9181319
https://conda.anaconda.org/conda-forge/linux-64/coin-or-osi-0.108.7-h2720bb7_2.tar.bz2#0e27669298fd618c010e2333ba7dd839
https://conda.anaconda.org/conda-forge/noarch/commonmark-0.9.1-py_0.tar.bz2#6aa0173c14befcd577ded130cf6f22f5
https://conda.anaconda.org/conda-forge/linux-64/cryptography-37.0.4-py310h597c629_0.tar.bz2#f285746449d16d92884f4ce0cfe26679
https://conda.anaconda.org/conda-forge/noarch/gitpython-3.1.27-pyhd8ed1ab_0.tar.bz2#20acbaab17a50ac9b64138eb9a0e1af8
https://conda.anaconda.org/conda-forge/linux-64/google-crc32c-1.1.2-py310he8fe98e_3.tar.bz2#be7b372293e7d6b73399999c679d6c95
https://conda.anaconda.org/conda-forge/linux-64/googleapis-common-protos-1.56.4-py310hff52083_0.tar.bz2#383941cfba9b08cabf793a6077cb90af
https://conda.anaconda.org/conda-forge/linux-64/harfbuzz-5.2.0-hf9f4e7c_0.tar.bz2#3c5f4fbd64c7254fbe246ca9d87863b6
https://conda.anaconda.org/conda-forge/noarch/jinja2-3.1.2-pyhd8ed1ab_1.tar.bz2#c8490ed5c70966d232fdd389d0dbed37
https://conda.anaconda.org/conda-forge/noarch/jsonschema-4.16.0-pyhd8ed1ab_0.tar.bz2#f39774717a77d98673ea29d28a586a84
https://conda.anaconda.org/conda-forge/noarch/oauth2client-4.1.3-py_0.tar.bz2#aafb86ecdbfea40c909719e3a6c72a04
https://conda.anaconda.org/conda-forge/linux-64/pandas-1.5.0-py310h769672d_0.tar.bz2#06efc4b5f4b418b78de14d1db4a65cad
https://conda.anaconda.org/conda-forge/linux-64/pynacl-1.5.0-py310h5764c6d_1.tar.bz2#858515f4a3c8ff02fa0d0411736f00fb
https://conda.anaconda.org/conda-forge/linux-64/pytest-7.1.3-py310hff52083_0.tar.bz2#18ef27d620d67af2feef22acfd42cf4a
https://conda.anaconda.org/conda-forge/linux-64/scipy-1.9.1-py310hdfbd76f_0.tar.bz2#bfb55d07ad9d15d2f2f8e59afcbcf578
https://conda.anaconda.org/conda-forge/noarch/setuptools-scm-7.0.5-pyhd8ed1ab_0.tar.bz2#743074b7a216807886f7e8f6d497cceb
https://conda.anaconda.org/conda-forge/noarch/wcwidth-0.2.5-pyh9f0ad1d_2.tar.bz2#5266fcd697043c59621fda522b3d78ee
https://conda.anaconda.org/conda-forge/linux-64/yarl-1.7.2-py310h5764c6d_2.tar.bz2#e33ec823abf1a9fe98d077e1c3ba17d7
https://conda.anaconda.org/conda-forge/linux-64/yte-1.5.1-py310hff52083_0.tar.bz2#ad5eafc568be7996153aa4d18047d56f
https://conda.anaconda.org/conda-forge/linux-64/aiohttp-3.8.1-py310h5764c6d_1.tar.bz2#4326fa6bcb1f3c500108fe68c3600db7
https://conda.anaconda.org/conda-forge/linux-64/coin-or-clp-1.17.7-hc56784d_2.tar.bz2#c77c34a8e450686487eccdaf68dea744
https://conda.anaconda.org/conda-forge/noarch/google-resumable-media-2.3.3-pyhd8ed1ab_0.tar.bz2#6a110581a8267aad65145c2fe3bc7d7c
https://conda.anaconda.org/conda-forge/noarch/nbformat-5.5.0-pyhd8ed1ab_0.tar.bz2#925081aef2f4e9ee5b89bba04ba9271b
https://conda.anaconda.org/conda-forge/linux-64/pango-1.50.10-hc4f8a73_0.tar.bz2#fead2b3178129155c334c751df4daba6
https://conda.anaconda.org/conda-forge/noarch/paramiko-2.11.0-pyhd8ed1ab_0.tar.bz2#74a35060bbae98fbf7cfeaba2336152f
https://conda.anaconda.org/conda-forge/noarch/prettytable-3.4.1-pyhd8ed1ab_0.tar.bz2#3f617df7fb94c7069084370e00e2bfd3
https://conda.anaconda.org/conda-forge/noarch/pyopenssl-22.0.0-pyhd8ed1ab_0.tar.bz2#1d7e241dfaf5475e893d4b824bb71b44
https://conda.anaconda.org/conda-forge/noarch/rich-12.5.1-pyhd8ed1ab_0.tar.bz2#2df309771bb9941c60bb1d110b29ed4a
https://conda.anaconda.org/conda-forge/noarch/veracitools-0.1.3-py_0.tar.bz2#f2c8d44ea78cf639ab4810aedba43ab5
https://conda.anaconda.org/conda-forge/noarch/aioeasywebdav-2.4.0-pyha770c72_0.tar.bz2#dd5bf8931da06c21f9ea03e9621acfc7
https://conda.anaconda.org/conda-forge/linux-64/coin-or-cgl-0.60.6-h6f57e76_2.tar.bz2#0a88bf82fbfc3a19bed5e18dcce83178
https://conda.anaconda.org/conda-forge/noarch/pysftp-0.2.9-py_1.tar.bz2#3172621a36e00ef8711a393784d8fa7f
https://conda.anaconda.org/conda-forge/noarch/python-irodsclient-1.1.4-pyhd8ed1ab_0.tar.bz2#1dfb6225ec2829ff8facd8ea8b86f0aa
https://conda.anaconda.org/conda-forge/linux-64/r-base-4.2.1-ha8c3e7c_1.tar.bz2#b5a6b7f6df995ad133ef56267057fef7
https://conda.anaconda.org/conda-forge/noarch/ubiquerg-0.6.2-pyhd8ed1ab_0.tar.bz2#bac4db8c74dddfca4a9c38be23de50db
https://conda.anaconda.org/conda-forge/noarch/urllib3-1.26.11-pyhd8ed1ab_0.tar.bz2#0738978569b10669bdef41c671252dd1
https://conda.anaconda.org/conda-forge/noarch/attmap-0.13.2-pyhd8ed1ab_0.tar.bz2#f7e348eb6bd53f544fd7cde87a7ba3c8
https://conda.anaconda.org/conda-forge/noarch/botocore-1.27.77-pyhd8ed1ab_0.tar.bz2#5c3eaae0f18ad9ea2afcc53eaf15c3cc
https://conda.anaconda.org/conda-forge/linux-64/coin-or-cbc-2.10.8-h3786ebc_0.tar.bz2#a7f1d9773101f34e3cedf335992865f7
https://conda.anaconda.org/conda-forge/noarch/requests-2.28.1-pyhd8ed1ab_1.tar.bz2#089382ee0e2dc2eae33a04cc3c2bddb0
https://conda.anaconda.org/conda-forge/noarch/coincbc-2.10.8-0_metapackage.tar.bz2#35c87e16b8ca27f20d2120d0a20be799
https://conda.anaconda.org/conda-forge/noarch/dropbox-11.34.0-pyhd8ed1ab_0.tar.bz2#6cd11a7b46e8ff97736100afd678dfb4
https://conda.anaconda.org/conda-forge/noarch/google-auth-2.11.0-pyh6c4a22f_0.tar.bz2#5e11123fb6558cf608ad713948e9de8d
https://conda.anaconda.org/conda-forge/noarch/peppy-0.35.2-pyhd8ed1ab_0.tar.bz2#fb6171f1239b43c473d7ddff875c42cc
https://conda.anaconda.org/conda-forge/noarch/s3transfer-0.6.0-pyhd8ed1ab_0.tar.bz2#900e74d8547fbea3af028937df28ed77
https://conda.anaconda.org/conda-forge/noarch/slacker-0.14.0-py_0.tar.bz2#ea6b3b3b8babd487cdbcccb7f42c2ccf
https://conda.anaconda.org/conda-forge/noarch/boto3-1.24.77-pyhd8ed1ab_0.tar.bz2#12f87add7ec1f103352bb687d29d5340
https://conda.anaconda.org/conda-forge/noarch/google-api-core-2.10.1-pyhd8ed1ab_0.tar.bz2#caed5d4324d942b4b8d33e95e5a58571
https://conda.anaconda.org/conda-forge/noarch/google-auth-httplib2-0.1.0-pyhd8ed1ab_1.tar.bz2#829c632fd23d1d4dd0adeb461a4e6a13
https://conda.anaconda.org/conda-forge/linux-64/pulp-2.6.0-py310hff52083_1.tar.bz2#c224f4855277813e3374a1b63a428aa2
https://conda.anaconda.org/conda-forge/noarch/google-api-python-client-2.62.0-pyhd8ed1ab_0.tar.bz2#c2e9e86f4ae56c3c0841945268bc73e1
https://conda.anaconda.org/conda-forge/noarch/google-cloud-core-2.3.2-pyhd8ed1ab_0.tar.bz2#7a590deea6b9b082c6a24e18c3c83dc9
https://conda.anaconda.org/bioconda/noarch/snakemake-minimal-7.14.0-pyhdfd78af_0.tar.bz2#b70fd383adc8ba0dac87c23d0c72bab4
https://conda.anaconda.org/conda-forge/noarch/google-cloud-storage-2.5.0-pyh6c4a22f_0.tar.bz2#cd6cb0e91447cd908315cfdafad84a0e
https://conda.anaconda.org/bioconda/noarch/snakemake-7.14.0-hdfd78af_0.tar.bz2#ef63e5d990a3826ecaa7ab12e3c34876
